// !$*UTF8*$!
{
	archiveVersion = 1;
	classes = {
	};
	objectVersion = 44;
	objects = {

/* Begin PBXAggregateTarget section */
		D4B14C5F0CE044C0003195A3 /* Plugin Install */ = {
			isa = PBXAggregateTarget;
			buildConfigurationList = D4B14C7C0CE044ED003195A3 /* Build configuration list for PBXAggregateTarget "Plugin Install" */;
			buildPhases = (
				D4B14C5E0CE044C0003195A3 /* CopyFiles */,
			);
			dependencies = (
				D4B14C630CE044C5003195A3 /* PBXTargetDependency */,
			);
			name = "Plugin Install";
			productName = "Plugin Install";
		};
		D4FC0DA30CF23CFE0029B133 /* All */ = {
			isa = PBXAggregateTarget;
			buildConfigurationList = D4FC0DAC0CF23D2B0029B133 /* Build configuration list for PBXAggregateTarget "All" */;
			buildPhases = (
			);
			dependencies = (
				D4FC0DAB0CF23D0D0029B133 /* PBXTargetDependency */,
				D4FC0DA90CF23D060029B133 /* PBXTargetDependency */,
				D4FC0DA70CF23D040029B133 /* PBXTargetDependency */,
			);
			name = All;
			productName = All;
		};
/* End PBXAggregateTarget section */

/* Begin PBXBuildFile section */
		8DD76F9A0486AA7600D96B5E /* macfusionAgent.m in Sources */ = {isa = PBXBuildFile; fileRef = 08FB7796FE84155DC02AAC07 /* macfusionAgent.m */; settings = {ATTRIBUTES = (); }; };
		8DD76F9C0486AA7600D96B5E /* Foundation.framework in Frameworks */ = {isa = PBXBuildFile; fileRef = 08FB779EFE84155DC02AAC07 /* Foundation.framework */; };
		D40B79B40CF8B99500EB3137 /* SSHFilesystem.m in Sources */ = {isa = PBXBuildFile; fileRef = D40B79B30CF8B99500EB3137 /* SSHFilesystem.m */; };
		D40B79B70CF8B9A200EB3137 /* SSHPlugin.m in Sources */ = {isa = PBXBuildFile; fileRef = D40B79B60CF8B9A200EB3137 /* SSHPlugin.m */; };
		D44152720CE2E344001EEF36 /* MFMainController.m in Sources */ = {isa = PBXBuildFile; fileRef = D42E13E50CDFC69500C81814 /* MFMainController.m */; };
		D44152730CE2E344001EEF36 /* MFPluginController.m in Sources */ = {isa = PBXBuildFile; fileRef = D4B14C850CE0455A003195A3 /* MFPluginController.m */; };
		D4B14BC90CE03D25003195A3 /* sshnodelay.so in Resources */ = {isa = PBXBuildFile; fileRef = D4B14BAA0CE03C84003195A3 /* sshnodelay.so */; };
		D4B14BCA0CE03D25003195A3 /* sshfs.plist in Resources */ = {isa = PBXBuildFile; fileRef = D4B14BAB0CE03C84003195A3 /* sshfs.plist */; };
		D4B14BCB0CE03D25003195A3 /* sshfs-static in Resources */ = {isa = PBXBuildFile; fileRef = D4B14BAC0CE03C84003195A3 /* sshfs-static */; };
		D4B14D740CE195CB003195A3 /* macfusionctl.m in Sources */ = {isa = PBXBuildFile; fileRef = D4B14D730CE195CB003195A3 /* macfusionctl.m */; };
		D4B14EE30CE2468B003195A3 /* MFLoggingController.h in Headers */ = {isa = PBXBuildFile; fileRef = D4B14EE10CE2468B003195A3 /* MFLoggingController.h */; };
		D4B14EE40CE2468B003195A3 /* MFLoggingController.m in Sources */ = {isa = PBXBuildFile; fileRef = D4B14EE20CE2468B003195A3 /* MFLoggingController.m */; };
		D4B14FC20CE25A88003195A3 /* MFFilesystemController.m in Sources */ = {isa = PBXBuildFile; fileRef = D4B14FC10CE25A88003195A3 /* MFFilesystemController.m */; };
		D4E51FE60CE03AC3009B1A30 /* MFMainController.h in Headers */ = {isa = PBXBuildFile; fileRef = D42E13E40CDFC69500C81814 /* MFMainController.h */; };
		D4E51FE70CE03AC3009B1A30 /* MFPlugin.h in Headers */ = {isa = PBXBuildFile; fileRef = D42E141B0CDFC99A00C81814 /* MFPlugin.h */; };
		D4E51FE80CE03AC3009B1A30 /* MFFilesystem.h in Headers */ = {isa = PBXBuildFile; fileRef = D42E14540CDFCF9000C81814 /* MFFilesystem.h */; };
		D4E51FEA0CE03ACA009B1A30 /* MFPlugin.m in Sources */ = {isa = PBXBuildFile; fileRef = D42E141C0CDFC99A00C81814 /* MFPlugin.m */; };
		D4E51FEB0CE03ACA009B1A30 /* MFFilesystem.m in Sources */ = {isa = PBXBuildFile; fileRef = D42E14550CDFCF9000C81814 /* MFFilesystem.m */; };
		D4FC0C990CF128480029B133 /* MFCore.framework in Frameworks */ = {isa = PBXBuildFile; fileRef = D4FC0C980CF128480029B133 /* MFCore.framework */; };
		D4FC0C9A0CF128480029B133 /* MFCore.framework in Frameworks */ = {isa = PBXBuildFile; fileRef = D4FC0C980CF128480029B133 /* MFCore.framework */; };
		D4FC0D1C0CF148720029B133 /* sshfs.bundle in CopyFiles */ = {isa = PBXBuildFile; fileRef = D441521F0CE2933C001EEF36 /* sshfs.bundle */; };
/* End PBXBuildFile section */

/* Begin PBXContainerItemProxy section */
		D4B14C620CE044C5003195A3 /* PBXContainerItemProxy */ = {
			isa = PBXContainerItemProxy;
			containerPortal = 08FB7793FE84155DC02AAC07 /* Project object */;
			proxyType = 1;
			remoteGlobalIDString = D4B14BB50CE03CC3003195A3;
			remoteInfo = sshfs;
		};
		D4B14C7D0CE04501003195A3 /* PBXContainerItemProxy */ = {
			isa = PBXContainerItemProxy;
			containerPortal = 08FB7793FE84155DC02AAC07 /* Project object */;
			proxyType = 1;
			remoteGlobalIDString = D4B14C5F0CE044C0003195A3;
			remoteInfo = "Plugin Install";
		};
		D4B14F240CE24F1A003195A3 /* PBXContainerItemProxy */ = {
			isa = PBXContainerItemProxy;
			containerPortal = 08FB7793FE84155DC02AAC07 /* Project object */;
			proxyType = 1;
			remoteGlobalIDString = D42E15540CE03A8200C81814;
			remoteInfo = MFCore;
		};
		D4E51FEC0CE03AD3009B1A30 /* PBXContainerItemProxy */ = {
			isa = PBXContainerItemProxy;
			containerPortal = 08FB7793FE84155DC02AAC07 /* Project object */;
			proxyType = 1;
			remoteGlobalIDString = D42E15540CE03A8200C81814;
			remoteInfo = MFCore;
		};
		D4FC0DA60CF23D040029B133 /* PBXContainerItemProxy */ = {
			isa = PBXContainerItemProxy;
			containerPortal = 08FB7793FE84155DC02AAC07 /* Project object */;
			proxyType = 1;
			remoteGlobalIDString = 8DD76F960486AA7600D96B5E;
			remoteInfo = macfusionAgent;
		};
		D4FC0DA80CF23D060029B133 /* PBXContainerItemProxy */ = {
			isa = PBXContainerItemProxy;
			containerPortal = 08FB7793FE84155DC02AAC07 /* Project object */;
			proxyType = 1;
			remoteGlobalIDString = D42E15540CE03A8200C81814;
			remoteInfo = MFCore;
		};
		D4FC0DAA0CF23D0D0029B133 /* PBXContainerItemProxy */ = {
			isa = PBXContainerItemProxy;
			containerPortal = 08FB7793FE84155DC02AAC07 /* Project object */;
			proxyType = 1;
			remoteGlobalIDString = D4B14C5F0CE044C0003195A3;
			remoteInfo = "Plugin Install";
		};
/* End PBXContainerItemProxy section */

/* Begin PBXCopyFilesBuildPhase section */
		8DD76F9E0486AA7600D96B5E /* CopyFiles */ = {
			isa = PBXCopyFilesBuildPhase;
			buildActionMask = 8;
			dstPath = /usr/share/man/man1/;
			dstSubfolderSpec = 0;
			files = (
			);
			runOnlyForDeploymentPostprocessing = 1;
		};
		D4B14C5E0CE044C0003195A3 /* CopyFiles */ = {
			isa = PBXCopyFilesBuildPhase;
			buildActionMask = 2147483647;
			dstPath = "~/Library/Application Support/Macfusion/Plugins";
			dstSubfolderSpec = 0;
			files = (
				D4FC0D1C0CF148720029B133 /* sshfs.bundle in CopyFiles */,
			);
			runOnlyForDeploymentPostprocessing = 0;
		};
/* End PBXCopyFilesBuildPhase section */

/* Begin PBXFileReference section */
		08FB7796FE84155DC02AAC07 /* macfusionAgent.m */ = {isa = PBXFileReference; fileEncoding = 4; lastKnownFileType = sourcecode.c.objc; path = macfusionAgent.m; sourceTree = "<group>"; };
		08FB779EFE84155DC02AAC07 /* Foundation.framework */ = {isa = PBXFileReference; lastKnownFileType = wrapper.framework; name = Foundation.framework; path = /System/Library/Frameworks/Foundation.framework; sourceTree = "<absolute>"; };
		32A70AAB03705E1F00C91783 /* macfusiond_Prefix.pch */ = {isa = PBXFileReference; fileEncoding = 4; lastKnownFileType = sourcecode.c.h; path = macfusiond_Prefix.pch; sourceTree = "<group>"; };
		D40B79B20CF8B99500EB3137 /* SSHFilesystem.h */ = {isa = PBXFileReference; fileEncoding = 4; lastKnownFileType = sourcecode.c.h; path = SSHFilesystem.h; sourceTree = "<group>"; };
		D40B79B30CF8B99500EB3137 /* SSHFilesystem.m */ = {isa = PBXFileReference; fileEncoding = 4; lastKnownFileType = sourcecode.c.objc; path = SSHFilesystem.m; sourceTree = "<group>"; };
		D40B79B50CF8B9A200EB3137 /* SSHPlugin.h */ = {isa = PBXFileReference; fileEncoding = 4; lastKnownFileType = sourcecode.c.h; path = SSHPlugin.h; sourceTree = "<group>"; };
		D40B79B60CF8B9A200EB3137 /* SSHPlugin.m */ = {isa = PBXFileReference; fileEncoding = 4; lastKnownFileType = sourcecode.c.objc; path = SSHPlugin.m; sourceTree = "<group>"; };
		D42E13E40CDFC69500C81814 /* MFMainController.h */ = {isa = PBXFileReference; fileEncoding = 4; lastKnownFileType = sourcecode.c.h; path = MFMainController.h; sourceTree = "<group>"; };
		D42E13E50CDFC69500C81814 /* MFMainController.m */ = {isa = PBXFileReference; fileEncoding = 4; lastKnownFileType = sourcecode.c.objc; path = MFMainController.m; sourceTree = "<group>"; };
		D42E141B0CDFC99A00C81814 /* MFPlugin.h */ = {isa = PBXFileReference; fileEncoding = 4; lastKnownFileType = sourcecode.c.h; path = MFPlugin.h; sourceTree = "<group>"; };
		D42E141C0CDFC99A00C81814 /* MFPlugin.m */ = {isa = PBXFileReference; fileEncoding = 4; lastKnownFileType = sourcecode.c.objc; path = MFPlugin.m; sourceTree = "<group>"; };
		D42E14540CDFCF9000C81814 /* MFFilesystem.h */ = {isa = PBXFileReference; fileEncoding = 4; lastKnownFileType = sourcecode.c.h; path = MFFilesystem.h; sourceTree = "<group>"; };
		D42E14550CDFCF9000C81814 /* MFFilesystem.m */ = {isa = PBXFileReference; fileEncoding = 4; lastKnownFileType = sourcecode.c.objc; path = MFFilesystem.m; sourceTree = "<group>"; };
		D42E15560CE03A8200C81814 /* MFCore-Info.plist */ = {isa = PBXFileReference; lastKnownFileType = text.plist.xml; path = "MFCore-Info.plist"; sourceTree = "<group>"; };
		D435480E0CE3DAF100EE39C6 /* macfusiond */ = {isa = PBXFileReference; explicitFileType = "compiled.mach-o.executable"; includeInIndex = 0; path = macfusiond; sourceTree = BUILT_PRODUCTS_DIR; };
		D441521F0CE2933C001EEF36 /* sshfs.bundle */ = {isa = PBXFileReference; explicitFileType = wrapper.cfbundle; includeInIndex = 0; path = sshfs.bundle; sourceTree = BUILT_PRODUCTS_DIR; };
		D4B14BAA0CE03C84003195A3 /* sshnodelay.so */ = {isa = PBXFileReference; lastKnownFileType = "compiled.mach-o.dylib"; path = sshnodelay.so; sourceTree = "<group>"; };
		D4B14BAB0CE03C84003195A3 /* sshfs.plist */ = {isa = PBXFileReference; fileEncoding = 4; lastKnownFileType = text.plist.xml; path = sshfs.plist; sourceTree = "<group>"; };
		D4B14BAC0CE03C84003195A3 /* sshfs-static */ = {isa = PBXFileReference; lastKnownFileType = "compiled.mach-o.executable"; path = "sshfs-static"; sourceTree = "<group>"; };
		D4B14C0F0CE03F4C003195A3 /* sshfs-Info.plist */ = {isa = PBXFileReference; fileEncoding = 4; lastKnownFileType = text.plist.xml; path = "sshfs-Info.plist"; sourceTree = "<group>"; };
		D4B14C840CE0455A003195A3 /* MFPluginController.h */ = {isa = PBXFileReference; fileEncoding = 4; lastKnownFileType = sourcecode.c.h; path = MFPluginController.h; sourceTree = "<group>"; };
		D4B14C850CE0455A003195A3 /* MFPluginController.m */ = {isa = PBXFileReference; fileEncoding = 4; lastKnownFileType = sourcecode.c.objc; path = MFPluginController.m; sourceTree = "<group>"; };
		D4B14D730CE195CB003195A3 /* macfusionctl.m */ = {isa = PBXFileReference; fileEncoding = 4; lastKnownFileType = sourcecode.c.objc; path = macfusionctl.m; sourceTree = "<group>"; };
		D4B14E730CE198AC003195A3 /* macfusionctl */ = {isa = PBXFileReference; explicitFileType = "compiled.mach-o.executable"; includeInIndex = 0; path = macfusionctl; sourceTree = BUILT_PRODUCTS_DIR; };
		D4B14EE10CE2468B003195A3 /* MFLoggingController.h */ = {isa = PBXFileReference; fileEncoding = 4; lastKnownFileType = sourcecode.c.h; path = MFLoggingController.h; sourceTree = "<group>"; };
		D4B14EE20CE2468B003195A3 /* MFLoggingController.m */ = {isa = PBXFileReference; fileEncoding = 4; lastKnownFileType = sourcecode.c.objc; path = MFLoggingController.m; sourceTree = "<group>"; };
		D4B14FC00CE25A88003195A3 /* MFFilesystemController.h */ = {isa = PBXFileReference; fileEncoding = 4; lastKnownFileType = sourcecode.c.h; path = MFFilesystemController.h; sourceTree = "<group>"; };
		D4B14FC10CE25A88003195A3 /* MFFilesystemController.m */ = {isa = PBXFileReference; fileEncoding = 4; lastKnownFileType = sourcecode.c.objc; path = MFFilesystemController.m; sourceTree = "<group>"; };
		D4FC0C980CF128480029B133 /* MFCore.framework */ = {isa = PBXFileReference; explicitFileType = wrapper.framework; includeInIndex = 0; path = MFCore.framework; sourceTree = BUILT_PRODUCTS_DIR; };
/* End PBXFileReference section */

/* Begin PBXFrameworksBuildPhase section */
		8DD76F9B0486AA7600D96B5E /* Frameworks */ = {
			isa = PBXFrameworksBuildPhase;
			buildActionMask = 2147483647;
			files = (
				8DD76F9C0486AA7600D96B5E /* Foundation.framework in Frameworks */,
				D4FC0C990CF128480029B133 /* MFCore.framework in Frameworks */,
			);
			runOnlyForDeploymentPostprocessing = 0;
		};
		D42E15530CE03A8200C81814 /* Frameworks */ = {
			isa = PBXFrameworksBuildPhase;
			buildActionMask = 2147483647;
			files = (
			);
			runOnlyForDeploymentPostprocessing = 0;
		};
		D4B14BB40CE03CC3003195A3 /* Frameworks */ = {
			isa = PBXFrameworksBuildPhase;
			buildActionMask = 2147483647;
			files = (
			);
			runOnlyForDeploymentPostprocessing = 0;
		};
		D4B14D6A0CE19545003195A3 /* Frameworks */ = {
			isa = PBXFrameworksBuildPhase;
			buildActionMask = 2147483647;
			files = (
				D4FC0C9A0CF128480029B133 /* MFCore.framework in Frameworks */,
			);
			runOnlyForDeploymentPostprocessing = 0;
		};
/* End PBXFrameworksBuildPhase section */

/* Begin PBXGroup section */
		08FB7794FE84155DC02AAC07 /* macfusiond */ = {
			isa = PBXGroup;
			children = (
				D4B14EE00CE24671003195A3 /* Shared */,
				D4B14D660CE19514003195A3 /* ConsoleClient */,
				D4E5200C0CE03B82009B1A30 /* Daemon */,
				08FB7795FE84155DC02AAC07 /* Model */,
				D4E5200F0CE03C1B009B1A30 /* Plugins */,
				D4E5200E0CE03B9D009B1A30 /* UI */,
				08FB779DFE84155DC02AAC07 /* External Frameworks and Libraries */,
				D42E15560CE03A8200C81814 /* MFCore-Info.plist */,
				D4B14E620CE1987F003195A3 /* Products */,
			);
			name = macfusiond;
			sourceTree = "<group>";
		};
		08FB7795FE84155DC02AAC07 /* Model */ = {
			isa = PBXGroup;
			children = (
				D42E141B0CDFC99A00C81814 /* MFPlugin.h */,
				D42E141C0CDFC99A00C81814 /* MFPlugin.m */,
				D42E14540CDFCF9000C81814 /* MFFilesystem.h */,
				D42E14550CDFCF9000C81814 /* MFFilesystem.m */,
			);
			name = Model;
			sourceTree = "<group>";
		};
		08FB779DFE84155DC02AAC07 /* External Frameworks and Libraries */ = {
			isa = PBXGroup;
			children = (
				08FB779EFE84155DC02AAC07 /* Foundation.framework */,
			);
			name = "External Frameworks and Libraries";
			sourceTree = "<group>";
		};
		D4B14D660CE19514003195A3 /* ConsoleClient */ = {
			isa = PBXGroup;
			children = (
				D4B14D730CE195CB003195A3 /* macfusionctl.m */,
			);
			name = ConsoleClient;
			sourceTree = "<group>";
		};
		D4B14E620CE1987F003195A3 /* Products */ = {
			isa = PBXGroup;
			children = (
				D4B14E730CE198AC003195A3 /* macfusionctl */,
				D441521F0CE2933C001EEF36 /* sshfs.bundle */,
				D435480E0CE3DAF100EE39C6 /* macfusiond */,
				D4FC0C980CF128480029B133 /* MFCore.framework */,
			);
			name = Products;
			sourceTree = "<group>";
		};
		D4B14EE00CE24671003195A3 /* Shared */ = {
			isa = PBXGroup;
			children = (
				D4B14EE10CE2468B003195A3 /* MFLoggingController.h */,
				D4B14EE20CE2468B003195A3 /* MFLoggingController.m */,
			);
			name = Shared;
			sourceTree = "<group>";
		};
		D4E5200C0CE03B82009B1A30 /* Daemon */ = {
			isa = PBXGroup;
			children = (
				08FB7796FE84155DC02AAC07 /* macfusionAgent.m */,
				32A70AAB03705E1F00C91783 /* macfusiond_Prefix.pch */,
				D42E13E40CDFC69500C81814 /* MFMainController.h */,
				D42E13E50CDFC69500C81814 /* MFMainController.m */,
				D4B14C840CE0455A003195A3 /* MFPluginController.h */,
				D4B14C850CE0455A003195A3 /* MFPluginController.m */,
				D4B14FC00CE25A88003195A3 /* MFFilesystemController.h */,
				D4B14FC10CE25A88003195A3 /* MFFilesystemController.m */,
			);
			name = Daemon;
			sourceTree = "<group>";
		};
		D4E5200E0CE03B9D009B1A30 /* UI */ = {
			isa = PBXGroup;
			children = (
			);
			name = UI;
			sourceTree = "<group>";
		};
		D4E5200F0CE03C1B009B1A30 /* Plugins */ = {
			isa = PBXGroup;
			children = (
				D4E520100CE03C27009B1A30 /* SSHFS */,
			);
			name = Plugins;
			sourceTree = "<group>";
		};
		D4E520100CE03C27009B1A30 /* SSHFS */ = {
			isa = PBXGroup;
			children = (
				D4B14C0F0CE03F4C003195A3 /* sshfs-Info.plist */,
				D4B14BAA0CE03C84003195A3 /* sshnodelay.so */,
				D4B14BAB0CE03C84003195A3 /* sshfs.plist */,
				D4B14BAC0CE03C84003195A3 /* sshfs-static */,
				D40B79B20CF8B99500EB3137 /* SSHFilesystem.h */,
				D40B79B30CF8B99500EB3137 /* SSHFilesystem.m */,
				D40B79B50CF8B9A200EB3137 /* SSHPlugin.h */,
				D40B79B60CF8B9A200EB3137 /* SSHPlugin.m */,
			);
			path = SSHFS;
			sourceTree = "<group>";
		};
/* End PBXGroup section */

/* Begin PBXHeadersBuildPhase section */
		D42E15500CE03A8200C81814 /* Headers */ = {
			isa = PBXHeadersBuildPhase;
			buildActionMask = 2147483647;
			files = (
				D4E51FE60CE03AC3009B1A30 /* MFMainController.h in Headers */,
				D4E51FE70CE03AC3009B1A30 /* MFPlugin.h in Headers */,
				D4E51FE80CE03AC3009B1A30 /* MFFilesystem.h in Headers */,
				D4B14EE30CE2468B003195A3 /* MFLoggingController.h in Headers */,
			);
			runOnlyForDeploymentPostprocessing = 0;
		};
/* End PBXHeadersBuildPhase section */

/* Begin PBXNativeTarget section */
		8DD76F960486AA7600D96B5E /* macfusionAgent */ = {
			isa = PBXNativeTarget;
			buildConfigurationList = 1DEB927408733DD40010E9CD /* Build configuration list for PBXNativeTarget "macfusionAgent" */;
			buildPhases = (
				8DD76F990486AA7600D96B5E /* Sources */,
				8DD76F9B0486AA7600D96B5E /* Frameworks */,
				8DD76F9E0486AA7600D96B5E /* CopyFiles */,
			);
			buildRules = (
			);
			dependencies = (
				D4B14C7E0CE04501003195A3 /* PBXTargetDependency */,
				D4E51FED0CE03AD3009B1A30 /* PBXTargetDependency */,
			);
			name = macfusionAgent;
			productInstallPath = "$(HOME)/bin";
			productName = macfusiond;
			productReference = D435480E0CE3DAF100EE39C6 /* macfusiond */;
			productType = "com.apple.product-type.tool";
		};
		D42E15540CE03A8200C81814 /* MFCore */ = {
			isa = PBXNativeTarget;
			buildConfigurationList = D42E155A0CE03A8300C81814 /* Build configuration list for PBXNativeTarget "MFCore" */;
			buildPhases = (
				D42E15500CE03A8200C81814 /* Headers */,
				D42E15510CE03A8200C81814 /* Resources */,
				D42E15520CE03A8200C81814 /* Sources */,
				D42E15530CE03A8200C81814 /* Frameworks */,
			);
			buildRules = (
			);
			dependencies = (
			);
			name = MFCore;
			productName = MFCore;
			productReference = D4FC0C980CF128480029B133 /* MFCore.framework */;
			productType = "com.apple.product-type.framework";
		};
		D4B14BB50CE03CC3003195A3 /* sshfs */ = {
			isa = PBXNativeTarget;
			buildConfigurationList = D4B14BBA0CE03CC4003195A3 /* Build configuration list for PBXNativeTarget "sshfs" */;
			buildPhases = (
				D4B14BB20CE03CC3003195A3 /* Resources */,
				D4B14BB30CE03CC3003195A3 /* Sources */,
				D4B14BB40CE03CC3003195A3 /* Frameworks */,
			);
			buildRules = (
			);
			dependencies = (
			);
			name = sshfs;
			productName = SSHFS;
			productReference = D441521F0CE2933C001EEF36 /* sshfs.bundle */;
			productType = "com.apple.product-type.bundle";
		};
		D4B14D6B0CE19545003195A3 /* macfusionctl */ = {
			isa = PBXNativeTarget;
			buildConfigurationList = D4B14D720CE19555003195A3 /* Build configuration list for PBXNativeTarget "macfusionctl" */;
			buildPhases = (
				D4B14D690CE19545003195A3 /* Sources */,
				D4B14D6A0CE19545003195A3 /* Frameworks */,
			);
			buildRules = (
			);
			dependencies = (
				D4B14F250CE24F1A003195A3 /* PBXTargetDependency */,
			);
			name = macfusionctl;
			productName = macfusionctl;
			productReference = D4B14E730CE198AC003195A3 /* macfusionctl */;
			productType = "com.apple.product-type.tool";
		};
/* End PBXNativeTarget section */

/* Begin PBXProject section */
		08FB7793FE84155DC02AAC07 /* Project object */ = {
			isa = PBXProject;
			buildConfigurationList = 1DEB927808733DD40010E9CD /* Build configuration list for PBXProject "MacFusion2" */;
			compatibilityVersion = "Xcode 3.0";
			hasScannedForEncodings = 1;
			mainGroup = 08FB7794FE84155DC02AAC07 /* macfusiond */;
			projectDirPath = "";
			projectRoot = "";
			targets = (
				8DD76F960486AA7600D96B5E /* macfusionAgent */,
				D42E15540CE03A8200C81814 /* MFCore */,
				D4B14BB50CE03CC3003195A3 /* sshfs */,
				D4B14C5F0CE044C0003195A3 /* Plugin Install */,
				D4B14D6B0CE19545003195A3 /* macfusionctl */,
				D4FC0DA30CF23CFE0029B133 /* All */,
			);
		};
/* End PBXProject section */

/* Begin PBXResourcesBuildPhase section */
		D42E15510CE03A8200C81814 /* Resources */ = {
			isa = PBXResourcesBuildPhase;
			buildActionMask = 2147483647;
			files = (
			);
			runOnlyForDeploymentPostprocessing = 0;
		};
		D4B14BB20CE03CC3003195A3 /* Resources */ = {
			isa = PBXResourcesBuildPhase;
			buildActionMask = 2147483647;
			files = (
				D4B14BC90CE03D25003195A3 /* sshnodelay.so in Resources */,
				D4B14BCA0CE03D25003195A3 /* sshfs.plist in Resources */,
				D4B14BCB0CE03D25003195A3 /* sshfs-static in Resources */,
			);
			runOnlyForDeploymentPostprocessing = 0;
		};
/* End PBXResourcesBuildPhase section */

/* Begin PBXSourcesBuildPhase section */
		8DD76F990486AA7600D96B5E /* Sources */ = {
			isa = PBXSourcesBuildPhase;
			buildActionMask = 2147483647;
			files = (
				D44152720CE2E344001EEF36 /* MFMainController.m in Sources */,
				D44152730CE2E344001EEF36 /* MFPluginController.m in Sources */,
				8DD76F9A0486AA7600D96B5E /* macfusionAgent.m in Sources */,
				D4B14FC20CE25A88003195A3 /* MFFilesystemController.m in Sources */,
			);
			runOnlyForDeploymentPostprocessing = 0;
		};
		D42E15520CE03A8200C81814 /* Sources */ = {
			isa = PBXSourcesBuildPhase;
			buildActionMask = 2147483647;
			files = (
				D4E51FEA0CE03ACA009B1A30 /* MFPlugin.m in Sources */,
				D4E51FEB0CE03ACA009B1A30 /* MFFilesystem.m in Sources */,
				D4B14EE40CE2468B003195A3 /* MFLoggingController.m in Sources */,
			);
			runOnlyForDeploymentPostprocessing = 0;
		};
		D4B14BB30CE03CC3003195A3 /* Sources */ = {
			isa = PBXSourcesBuildPhase;
			buildActionMask = 2147483647;
			files = (
				D40B79B40CF8B99500EB3137 /* SSHFilesystem.m in Sources */,
				D40B79B70CF8B9A200EB3137 /* SSHPlugin.m in Sources */,
			);
			runOnlyForDeploymentPostprocessing = 0;
		};
		D4B14D690CE19545003195A3 /* Sources */ = {
			isa = PBXSourcesBuildPhase;
			buildActionMask = 2147483647;
			files = (
				D4B14D740CE195CB003195A3 /* macfusionctl.m in Sources */,
			);
			runOnlyForDeploymentPostprocessing = 0;
		};
/* End PBXSourcesBuildPhase section */

/* Begin PBXTargetDependency section */
		D4B14C630CE044C5003195A3 /* PBXTargetDependency */ = {
			isa = PBXTargetDependency;
			target = D4B14BB50CE03CC3003195A3 /* sshfs */;
			targetProxy = D4B14C620CE044C5003195A3 /* PBXContainerItemProxy */;
		};
		D4B14C7E0CE04501003195A3 /* PBXTargetDependency */ = {
			isa = PBXTargetDependency;
			target = D4B14C5F0CE044C0003195A3 /* Plugin Install */;
			targetProxy = D4B14C7D0CE04501003195A3 /* PBXContainerItemProxy */;
		};
		D4B14F250CE24F1A003195A3 /* PBXTargetDependency */ = {
			isa = PBXTargetDependency;
			target = D42E15540CE03A8200C81814 /* MFCore */;
			targetProxy = D4B14F240CE24F1A003195A3 /* PBXContainerItemProxy */;
		};
		D4E51FED0CE03AD3009B1A30 /* PBXTargetDependency */ = {
			isa = PBXTargetDependency;
			target = D42E15540CE03A8200C81814 /* MFCore */;
			targetProxy = D4E51FEC0CE03AD3009B1A30 /* PBXContainerItemProxy */;
		};
		D4FC0DA70CF23D040029B133 /* PBXTargetDependency */ = {
			isa = PBXTargetDependency;
			target = 8DD76F960486AA7600D96B5E /* macfusionAgent */;
			targetProxy = D4FC0DA60CF23D040029B133 /* PBXContainerItemProxy */;
		};
		D4FC0DA90CF23D060029B133 /* PBXTargetDependency */ = {
			isa = PBXTargetDependency;
			target = D42E15540CE03A8200C81814 /* MFCore */;
			targetProxy = D4FC0DA80CF23D060029B133 /* PBXContainerItemProxy */;
		};
		D4FC0DAB0CF23D0D0029B133 /* PBXTargetDependency */ = {
			isa = PBXTargetDependency;
			target = D4B14C5F0CE044C0003195A3 /* Plugin Install */;
			targetProxy = D4FC0DAA0CF23D0D0029B133 /* PBXContainerItemProxy */;
		};
/* End PBXTargetDependency section */

/* Begin XCBuildConfiguration section */
		1DEB927608733DD40010E9CD /* Release */ = {
			isa = XCBuildConfiguration;
			buildSettings = {
				DEBUG_INFORMATION_FORMAT = "dwarf-with-dsym";
				FRAMEWORK_SEARCH_PATHS = (
					"$(inherited)",
					"\"$(SRCROOT)/../Build/Debug\"",
				);
				GCC_MODEL_TUNING = G5;
				GCC_PRECOMPILE_PREFIX_HEADER = YES;
				GCC_PREFIX_HEADER = macfusiond_Prefix.pch;
				INSTALL_PATH = /usr/local/bin;
				LIBRARY_SEARCH_PATHS = (
					"$(inherited)",
					"\"$(SRCROOT)/SSHFS\"",
				);
				PRODUCT_NAME = macfusiond;
			};
			name = Release;
		};
		1DEB927A08733DD40010E9CD /* Release */ = {
			isa = XCBuildConfiguration;
			buildSettings = {
				ARCHS = (
					ppc,
					i386,
				);
				GCC_WARN_ABOUT_RETURN_TYPE = YES;
				GCC_WARN_UNUSED_VARIABLE = YES;
				PREBINDING = NO;
				SDKROOT = "$(DEVELOPER_SDK_DIR)/MacOSX10.5.sdk";
			};
			name = Release;
		};
		D42E15590CE03A8200C81814 /* Release */ = {
			isa = XCBuildConfiguration;
			buildSettings = {
				COPY_PHASE_STRIP = YES;
				DEBUG_INFORMATION_FORMAT = "dwarf-with-dsym";
				DYLIB_COMPATIBILITY_VERSION = 1;
				DYLIB_CURRENT_VERSION = 1;
				FRAMEWORK_VERSION = A;
				GCC_ENABLE_FIX_AND_CONTINUE = NO;
				GCC_MODEL_TUNING = G5;
				GCC_PRECOMPILE_PREFIX_HEADER = YES;
				GCC_PREFIX_HEADER = "$(SYSTEM_LIBRARY_DIR)/Frameworks/AppKit.framework/Headers/AppKit.h";
				INFOPLIST_FILE = "MFCore-Info.plist";
				INSTALL_PATH = "$(HOME)/Library/Frameworks";
				OTHER_LDFLAGS = (
					"-framework",
					Foundation,
					"-framework",
					AppKit,
				);
				PREBINDING = NO;
				PRODUCT_NAME = MFCore;
				ZERO_LINK = NO;
			};
			name = Release;
		};
		D4B14BB90CE03CC4003195A3 /* Release */ = {
			isa = XCBuildConfiguration;
			buildSettings = {
				COPY_PHASE_STRIP = YES;
				DEBUG_INFORMATION_FORMAT = "dwarf-with-dsym";
				GCC_ENABLE_FIX_AND_CONTINUE = NO;
				GCC_MODEL_TUNING = G5;
				GCC_PRECOMPILE_PREFIX_HEADER = YES;
				GCC_PREFIX_HEADER = "$(SYSTEM_LIBRARY_DIR)/Frameworks/AppKit.framework/Headers/AppKit.h";
				INFOPLIST_FILE = "SSHFS/sshfs-info.plist";
				INSTALL_PATH = "$(HOME)/Library/Bundles";
				OTHER_LDFLAGS = (
					"-framework",
					Foundation,
					"-framework",
					AppKit,
				);
				PREBINDING = NO;
				PRODUCT_NAME = sshfs;
				WRAPPER_EXTENSION = bundle;
				ZERO_LINK = NO;
			};
			name = Release;
		};
		D4B14C610CE044C0003195A3 /* Release */ = {
			isa = XCBuildConfiguration;
			buildSettings = {
				COPY_PHASE_STRIP = YES;
				DEBUG_INFORMATION_FORMAT = "dwarf-with-dsym";
				GCC_ENABLE_FIX_AND_CONTINUE = NO;
				PRODUCT_NAME = "Plugin Install";
				ZERO_LINK = NO;
			};
			name = Release;
		};
		D4B14D6F0CE19545003195A3 /* Release */ = {
			isa = XCBuildConfiguration;
			buildSettings = {
				COPY_PHASE_STRIP = YES;
				DEBUG_INFORMATION_FORMAT = "dwarf-with-dsym";
				FRAMEWORK_SEARCH_PATHS = (
					"$(inherited)",
					"\"$(SRCROOT)/../Build/Debug\"",
				);
				GCC_ENABLE_FIX_AND_CONTINUE = NO;
				GCC_MODEL_TUNING = G5;
				GCC_PRECOMPILE_PREFIX_HEADER = YES;
				GCC_PREFIX_HEADER = "$(SYSTEM_LIBRARY_DIR)/Frameworks/AppKit.framework/Headers/AppKit.h";
				INSTALL_PATH = /usr/local/bin;
				OTHER_LDFLAGS = (
					"-framework",
					Foundation,
					"-framework",
					AppKit,
				);
				PREBINDING = NO;
				PRODUCT_NAME = macfusionctl;
				ZERO_LINK = NO;
			};
			name = Release;
		};
		D4FC0DA50CF23CFE0029B133 /* Release */ = {
			isa = XCBuildConfiguration;
			buildSettings = {
				COPY_PHASE_STRIP = YES;
				DEBUG_INFORMATION_FORMAT = "dwarf-with-dsym";
				GCC_ENABLE_FIX_AND_CONTINUE = NO;
				PRODUCT_NAME = All;
				ZERO_LINK = NO;
			};
			name = Release;
		};
		D4FC0DC60CF23DE30029B133 /* Debug */ = {
			isa = XCBuildConfiguration;
			buildSettings = {
				GCC_WARN_ABOUT_RETURN_TYPE = YES;
				GCC_WARN_UNUSED_VARIABLE = YES;
				PREBINDING = NO;
				SDKROOT = "$(DEVELOPER_SDK_DIR)/MacOSX10.5.sdk";
			};
			name = Debug;
		};
		D4FC0DC70CF23DE30029B133 /* Debug */ = {
			isa = XCBuildConfiguration;
			buildSettings = {
				DEBUG_INFORMATION_FORMAT = "dwarf-with-dsym";
				FRAMEWORK_SEARCH_PATHS = (
					"$(inherited)",
					"\"$(SRCROOT)/../Build/Debug\"",
				);
				GCC_MODEL_TUNING = G5;
				GCC_PRECOMPILE_PREFIX_HEADER = YES;
				GCC_PREFIX_HEADER = macfusiond_Prefix.pch;
				INSTALL_PATH = /usr/local/bin;
				LIBRARY_SEARCH_PATHS = (
					"$(inherited)",
					"\"$(SRCROOT)/SSHFS\"",
				);
				PRODUCT_NAME = macfusiond;
			};
			name = Debug;
		};
		D4FC0DC80CF23DE30029B133 /* Debug */ = {
			isa = XCBuildConfiguration;
			buildSettings = {
				COPY_PHASE_STRIP = YES;
				DEBUG_INFORMATION_FORMAT = "dwarf-with-dsym";
				DYLIB_COMPATIBILITY_VERSION = 1;
				DYLIB_CURRENT_VERSION = 1;
				FRAMEWORK_VERSION = A;
				GCC_ENABLE_FIX_AND_CONTINUE = NO;
				GCC_MODEL_TUNING = G5;
				GCC_PRECOMPILE_PREFIX_HEADER = YES;
				GCC_PREFIX_HEADER = "$(SYSTEM_LIBRARY_DIR)/Frameworks/AppKit.framework/Headers/AppKit.h";
				INFOPLIST_FILE = "MFCore-Info.plist";
				INSTALL_PATH = "$(HOME)/Library/Frameworks";
				OTHER_LDFLAGS = (
					"-framework",
					Foundation,
					"-framework",
					AppKit,
				);
				PREBINDING = NO;
				PRODUCT_NAME = MFCore;
				ZERO_LINK = NO;
			};
			name = Debug;
		};
		D4FC0DC90CF23DE30029B133 /* Debug */ = {
			isa = XCBuildConfiguration;
			buildSettings = {
				COPY_PHASE_STRIP = YES;
				DEBUG_INFORMATION_FORMAT = "dwarf-with-dsym";
				GCC_ENABLE_FIX_AND_CONTINUE = NO;
				GCC_MODEL_TUNING = G5;
				GCC_PRECOMPILE_PREFIX_HEADER = YES;
				GCC_PREFIX_HEADER = "$(SYSTEM_LIBRARY_DIR)/Frameworks/AppKit.framework/Headers/AppKit.h";
				INFOPLIST_FILE = "SSHFS/sshfs-info.plist";
				INSTALL_PATH = "$(HOME)/Library/Bundles";
				OTHER_LDFLAGS = (
					"-framework",
					Foundation,
					"-framework",
					AppKit,
				);
				PREBINDING = NO;
				PRODUCT_NAME = sshfs;
				WRAPPER_EXTENSION = bundle;
				ZERO_LINK = NO;
			};
			name = Debug;
		};
		D4FC0DCA0CF23DE30029B133 /* Debug */ = {
			isa = XCBuildConfiguration;
			buildSettings = {
				COPY_PHASE_STRIP = YES;
				DEBUG_INFORMATION_FORMAT = "dwarf-with-dsym";
				GCC_ENABLE_FIX_AND_CONTINUE = NO;
				PRODUCT_NAME = "Plugin Install";
				ZERO_LINK = NO;
			};
			name = Debug;
		};
		D4FC0DCB0CF23DE30029B133 /* Debug */ = {
			isa = XCBuildConfiguration;
			buildSettings = {
				COPY_PHASE_STRIP = YES;
				DEBUG_INFORMATION_FORMAT = "dwarf-with-dsym";
				FRAMEWORK_SEARCH_PATHS = (
					"$(inherited)",
					"\"$(SRCROOT)/../Build/Debug\"",
				);
				GCC_ENABLE_FIX_AND_CONTINUE = NO;
				GCC_MODEL_TUNING = G5;
				GCC_PRECOMPILE_PREFIX_HEADER = YES;
				GCC_PREFIX_HEADER = "$(SYSTEM_LIBRARY_DIR)/Frameworks/AppKit.framework/Headers/AppKit.h";
				INSTALL_PATH = /usr/local/bin;
				OTHER_LDFLAGS = (
					"-framework",
					Foundation,
					"-framework",
					AppKit,
				);
				PREBINDING = NO;
				PRODUCT_NAME = macfusionctl;
				ZERO_LINK = NO;
			};
			name = Debug;
		};
		D4FC0DCC0CF23DE30029B133 /* Debug */ = {
			isa = XCBuildConfiguration;
			buildSettings = {
				COPY_PHASE_STRIP = YES;
				DEBUG_INFORMATION_FORMAT = "dwarf-with-dsym";
				GCC_ENABLE_FIX_AND_CONTINUE = NO;
				PRODUCT_NAME = All;
				ZERO_LINK = NO;
			};
			name = Debug;
		};
/* End XCBuildConfiguration section */

/* Begin XCConfigurationList section */
		1DEB927408733DD40010E9CD /* Build configuration list for PBXNativeTarget "macfusionAgent" */ = {
			isa = XCConfigurationList;
			buildConfigurations = (
				1DEB927608733DD40010E9CD /* Release */,
				D4FC0DC70CF23DE30029B133 /* Debug */,
			);
			defaultConfigurationIsVisible = 0;
			defaultConfigurationName = Release;
		};
		1DEB927808733DD40010E9CD /* Build configuration list for PBXProject "MacFusion2" */ = {
			isa = XCConfigurationList;
			buildConfigurations = (
				1DEB927A08733DD40010E9CD /* Release */,
				D4FC0DC60CF23DE30029B133 /* Debug */,
			);
			defaultConfigurationIsVisible = 0;
			defaultConfigurationName = Release;
		};
		D42E155A0CE03A8300C81814 /* Build configuration list for PBXNativeTarget "MFCore" */ = {
			isa = XCConfigurationList;
			buildConfigurations = (
				D42E15590CE03A8200C81814 /* Release */,
				D4FC0DC80CF23DE30029B133 /* Debug */,
			);
			defaultConfigurationIsVisible = 0;
			defaultConfigurationName = Release;
		};
		D4B14BBA0CE03CC4003195A3 /* Build configuration list for PBXNativeTarget "sshfs" */ = {
			isa = XCConfigurationList;
			buildConfigurations = (
				D4B14BB90CE03CC4003195A3 /* Release */,
				D4FC0DC90CF23DE30029B133 /* Debug */,
			);
			defaultConfigurationIsVisible = 0;
			defaultConfigurationName = Release;
		};
		D4B14C7C0CE044ED003195A3 /* Build configuration list for PBXAggregateTarget "Plugin Install" */ = {
			isa = XCConfigurationList;
			buildConfigurations = (
				D4B14C610CE044C0003195A3 /* Release */,
				D4FC0DCA0CF23DE30029B133 /* Debug */,
			);
			defaultConfigurationIsVisible = 0;
			defaultConfigurationName = Release;
		};
		D4B14D720CE19555003195A3 /* Build configuration list for PBXNativeTarget "macfusionctl" */ = {
			isa = XCConfigurationList;
			buildConfigurations = (
				D4B14D6F0CE19545003195A3 /* Release */,
				D4FC0DCB0CF23DE30029B133 /* Debug */,
			);
			defaultConfigurationIsVisible = 0;
			defaultConfigurationName = Release;
		};
		D4FC0DAC0CF23D2B0029B133 /* Build configuration list for PBXAggregateTarget "All" */ = {
			isa = XCConfigurationList;
			buildConfigurations = (
				D4FC0DA50CF23CFE0029B133 /* Release */,
				D4FC0DCC0CF23DE30029B133 /* Debug */,
			);
			defaultConfigurationIsVisible = 0;
			defaultConfigurationName = Release;
		};
/* End XCConfigurationList section */
	};
	rootObject = 08FB7793FE84155DC02AAC07 /* Project object */;
}
