// !$*UTF8*$!
{
	archiveVersion = 1;
	classes = {
	};
	objectVersion = 44;
	objects = {

/* Begin PBXAggregateTarget section */
		D41E1E0B0D8758A200F46F50 /* Plugins */ = {
			isa = PBXAggregateTarget;
			buildConfigurationList = D41E1E160D8758E400F46F50 /* Build configuration list for PBXAggregateTarget "Plugins" */;
			buildPhases = (
			);
			dependencies = (
				D41E1E100D8758AB00F46F50 /* PBXTargetDependency */,
			);
			name = Plugins;
			productName = Plugins;
		};
		D4FC0DA30CF23CFE0029B133 /* All */ = {
			isa = PBXAggregateTarget;
			buildConfigurationList = D4FC0DAC0CF23D2B0029B133 /* Build configuration list for PBXAggregateTarget "All" */;
			buildPhases = (
			);
			dependencies = (
				D48DB9890D70D7BB008A62BB /* PBXTargetDependency */,
				D439D6490D0A06DD0025574A /* PBXTargetDependency */,
				D4FC0DA90CF23D060029B133 /* PBXTargetDependency */,
				D4FC0DA70CF23D040029B133 /* PBXTargetDependency */,
				D4DB42110D3E867800C99914 /* PBXTargetDependency */,
			);
			name = All;
			productName = All;
		};
/* End PBXAggregateTarget section */

/* Begin PBXBuildFile section */
		8DD76F9A0486AA7600D96B5E /* macfusionAgent.m in Sources */ = {isa = PBXBuildFile; fileRef = 08FB7796FE84155DC02AAC07 /* macfusionAgent.m */; settings = {ATTRIBUTES = (); }; };
		8DD76F9C0486AA7600D96B5E /* Foundation.framework in Frameworks */ = {isa = PBXBuildFile; fileRef = 08FB779EFE84155DC02AAC07 /* Foundation.framework */; };
		D40235AE0D7E0176000B9B64 /* Carbon.framework in Frameworks */ = {isa = PBXBuildFile; fileRef = D40235AD0D7E0176000B9B64 /* Carbon.framework */; };
		D402372E0D7E029E000B9B64 /* Carbon.framework in Frameworks */ = {isa = PBXBuildFile; fileRef = D40235AD0D7E0176000B9B64 /* Carbon.framework */; };
		D403BC8F0D64C3D00049201D /* MFServerFSProtocol.h in Headers */ = {isa = PBXBuildFile; fileRef = D403BC8D0D64C3D00049201D /* MFServerFSProtocol.h */; };
		D403BCD20D64EA030049201D /* MFServerFS.m in Sources */ = {isa = PBXBuildFile; fileRef = D4905C6C0D394A5D00E21C1E /* MFServerFS.m */; };
		D403BD6E0D650D630049201D /* MFError.h in Headers */ = {isa = PBXBuildFile; fileRef = D403BD6C0D650D630049201D /* MFError.h */; };
		D403BD6F0D650D630049201D /* MFError.m in Sources */ = {isa = PBXBuildFile; fileRef = D403BD6D0D650D630049201D /* MFError.m */; };
		D412AFC40D596E890091C12B /* MGUtilities.m in Sources */ = {isa = PBXBuildFile; fileRef = D412AFC20D596E890091C12B /* MGUtilities.m */; };
		D412AFC60D596F4B0091C12B /* MGUtilities.h in Headers */ = {isa = PBXBuildFile; fileRef = D412AFC50D596F4B0091C12B /* MGUtilities.h */; };
		D413146F0D7F225E00F55B9B /* MGTransitioningTabView.h in Headers */ = {isa = PBXBuildFile; fileRef = D413146D0D7F225E00F55B9B /* MGTransitioningTabView.h */; };
		D41314700D7F225E00F55B9B /* MGTransitioningTabView.m in Sources */ = {isa = PBXBuildFile; fileRef = D413146E0D7F225E00F55B9B /* MGTransitioningTabView.m */; };
		D41316320D7F740400F55B9B /* sshfsAdvanced.xib in Resources */ = {isa = PBXBuildFile; fileRef = D41316310D7F740400F55B9B /* sshfsAdvanced.xib */; };
		D41867E70D729A31004975AF /* QuickMount.xib in Resources */ = {isa = PBXBuildFile; fileRef = D41867E60D729A31004975AF /* QuickMount.xib */; };
		D41867EB0D729B81004975AF /* MFQuickMountController.m in Sources */ = {isa = PBXBuildFile; fileRef = D41867EA0D729B81004975AF /* MFQuickMountController.m */; };
		D418688E0D729F0B004975AF /* macfusionIcon.icns in Resources */ = {isa = PBXBuildFile; fileRef = D4386C0B0D0B47240078C19F /* macfusionIcon.icns */; };
		D41E173B0D85CAF500F46F50 /* MFSecurity.h in Headers */ = {isa = PBXBuildFile; fileRef = D41E17390D85CAF500F46F50 /* MFSecurity.h */; };
		D41E173C0D85CAF600F46F50 /* MFSecurity.m in Sources */ = {isa = PBXBuildFile; fileRef = D41E173A0D85CAF500F46F50 /* MFSecurity.m */; };
		D41E17450D85CB7200F46F50 /* QuartzCore.framework in Frameworks */ = {isa = PBXBuildFile; fileRef = D41E17440D85CB7100F46F50 /* QuartzCore.framework */; };
		D41E17490D85CB8B00F46F50 /* Security.framework in Frameworks */ = {isa = PBXBuildFile; fileRef = D41E17480D85CB8B00F46F50 /* Security.framework */; };
		D41E17C40D86018500F46F50 /* MFNetworkFS.h in Headers */ = {isa = PBXBuildFile; fileRef = D41E17C30D86018500F46F50 /* MFNetworkFS.h */; };
		D41E17CB0D86035500F46F50 /* new_ssh_askpass.m in Sources */ = {isa = PBXBuildFile; fileRef = D41E17CA0D86035500F46F50 /* new_ssh_askpass.m */; };
		D41E17DF0D86040B00F46F50 /* new_sshfs_askpass in Resources */ = {isa = PBXBuildFile; fileRef = D41E17D40D8603DC00F46F50 /* new_sshfs_askpass */; };
		D41E17E30D86041D00F46F50 /* new_ssh_askpass.m in Sources */ = {isa = PBXBuildFile; fileRef = D41E17CA0D86035500F46F50 /* new_ssh_askpass.m */; };
		D41E1DA30D87557900F46F50 /* MFCore.h in Headers */ = {isa = PBXBuildFile; fileRef = D41E1DA10D87557900F46F50 /* MFCore.h */; };
		D41E1DA40D87557900F46F50 /* MFCore.m in Sources */ = {isa = PBXBuildFile; fileRef = D41E1DA20D87557900F46F50 /* MFCore.m */; };
		D41E1DB20D87574E00F46F50 /* sshfs.mfplugin in Copy PlugIns */ = {isa = PBXBuildFile; fileRef = D441521F0CE2933C001EEF36 /* sshfs.mfplugin */; };
		D41E1DBB0D87579F00F46F50 /* macfusionAgent in Copy App Resources */ = {isa = PBXBuildFile; fileRef = D439D4370D05D58D0025574A /* macfusionAgent */; };
		D41E1DBC0D8757A500F46F50 /* MacfusionMenuling.app in Copy App Resources */ = {isa = PBXBuildFile; fileRef = D48DB97F0D70D7A4008A62BB /* MacfusionMenuling.app */; };
		D41E1DFE0D87580F00F46F50 /* mfctl in Copy App Resources */ = {isa = PBXBuildFile; fileRef = D4B14E730CE198AC003195A3 /* mfctl */; };
		D41E20E60D88711B00F46F50 /* MFCore.framework in Frameworks */ = {isa = PBXBuildFile; fileRef = D4FC0C980CF128480029B133 /* MFCore.framework */; };
		D41E21090D88723900F46F50 /* MFCore.framework in Frameworks */ = {isa = PBXBuildFile; fileRef = D4FC0C980CF128480029B133 /* MFCore.framework */; };
		D41E23990D88E7B100F46F50 /* macfusionAdvancedView.xib in Resources */ = {isa = PBXBuildFile; fileRef = D41E23980D88E7B100F46F50 /* macfusionAdvancedView.xib */; };
		D41E24260D897D5700F46F50 /* MFPreferences.xib in Resources */ = {isa = PBXBuildFile; fileRef = D41E24250D897D5600F46F50 /* MFPreferences.xib */; };
		D41E242A0D897F0C00F46F50 /* MFPreferencesController.h in Headers */ = {isa = PBXBuildFile; fileRef = D41E24280D897F0B00F46F50 /* MFPreferencesController.h */; };
		D41E242B0D897F0C00F46F50 /* MFPreferencesController.m in Sources */ = {isa = PBXBuildFile; fileRef = D41E24290D897F0B00F46F50 /* MFPreferencesController.m */; };
		D41E25620D89B14900F46F50 /* Credits.rtf in Resources */ = {isa = PBXBuildFile; fileRef = D41E25610D89B14800F46F50 /* Credits.rtf */; };
		D41E25640D89B17C00F46F50 /* Credits.rtf in Resources */ = {isa = PBXBuildFile; fileRef = D41E25610D89B14800F46F50 /* Credits.rtf */; };
		D41E25C20D89B4BA00F46F50 /* MacFusion_Menu_Light.png in Resources */ = {isa = PBXBuildFile; fileRef = D41E25C00D89B4B900F46F50 /* MacFusion_Menu_Light.png */; };
		D41E25C30D89B4BA00F46F50 /* MacFusion_Menu_Dark.png in Resources */ = {isa = PBXBuildFile; fileRef = D41E25C10D89B4B900F46F50 /* MacFusion_Menu_Dark.png */; };
		D41E25EA0D89B56100F46F50 /* MacFusion_Menu_Light.png in Resources */ = {isa = PBXBuildFile; fileRef = D41E25C00D89B4B900F46F50 /* MacFusion_Menu_Light.png */; };
		D41E25EB0D89B56100F46F50 /* MacFusion_Menu_Dark.png in Resources */ = {isa = PBXBuildFile; fileRef = D41E25C10D89B4B900F46F50 /* MacFusion_Menu_Dark.png */; };
		D420386F0D73A76B009EE78F /* MFClientRecent.h in Headers */ = {isa = PBXBuildFile; fileRef = D420386D0D73A76B009EE78F /* MFClientRecent.h */; };
		D42038700D73A76B009EE78F /* MFClientRecent.m in Sources */ = {isa = PBXBuildFile; fileRef = D420386E0D73A76B009EE78F /* MFClientRecent.m */; };
		D4386C0E0D0B472D0078C19F /* macfusionIcon.icns in CopyFiles */ = {isa = PBXBuildFile; fileRef = D4386C0B0D0B47240078C19F /* macfusionIcon.icns */; };
		D439D5950D09E4390025574A /* MFServerProtocol.h in Headers */ = {isa = PBXBuildFile; fileRef = D439D5940D09E4390025574A /* MFServerProtocol.h */; };
		D439D5980D09E4480025574A /* MFCommunicationServer.m in Sources */ = {isa = PBXBuildFile; fileRef = D439D5910D09E1510025574A /* MFCommunicationServer.m */; };
		D439D6D60D0A0FDE0025574A /* sshfsConfiguration.xib in Resources */ = {isa = PBXBuildFile; fileRef = D439D6D50D0A0FDE0025574A /* sshfsConfiguration.xib */; };
		D44152720CE2E344001EEF36 /* MFMainController.m in Sources */ = {isa = PBXBuildFile; fileRef = D42E13E50CDFC69500C81814 /* MFMainController.m */; };
		D44152730CE2E344001EEF36 /* MFPluginController.m in Sources */ = {isa = PBXBuildFile; fileRef = D4B14C850CE0455A003195A3 /* MFPluginController.m */; };
		D45579170D40715F00669882 /* MFInertButton.m in Sources */ = {isa = PBXBuildFile; fileRef = D45579160D40715F00669882 /* MFInertButton.m */; };
		D4656C8D0D6FD6DC00DE2208 /* sshfs_icon.icns in Resources */ = {isa = PBXBuildFile; fileRef = D4656C8B0D6FD6DC00DE2208 /* sshfs_icon.icns */; };
		D4656C8E0D6FD6DC00DE2208 /* sshfs.png in Resources */ = {isa = PBXBuildFile; fileRef = D4656C8C0D6FD6DC00DE2208 /* sshfs.png */; };
		D4656C9F0D6FDBF900DE2208 /* QuartzCore.framework in Frameworks */ = {isa = PBXBuildFile; fileRef = D4656C9E0D6FDBF900DE2208 /* QuartzCore.framework */; };
		D46E4C0E0D02593B004926CE /* MFConstants.m in Sources */ = {isa = PBXBuildFile; fileRef = D46E4C0D0D02593B004926CE /* MFConstants.m */; };
		D48DB98A0D70D7C6008A62BB /* MFMenulingAppDelegate.m in Sources */ = {isa = PBXBuildFile; fileRef = D48DB9740D70D73A008A62BB /* MFMenulingAppDelegate.m */; };
		D48DB9B10D70D9D4008A62BB /* menulingMain.m in Sources */ = {isa = PBXBuildFile; fileRef = D48DB9AF0D70D968008A62BB /* menulingMain.m */; };
		D48DB9E60D70DA28008A62BB /* MainMenu.xib in Resources */ = {isa = PBXBuildFile; fileRef = D48DB9A90D70D910008A62BB /* MainMenu.xib */; };
		D48DBA520D70DF31008A62BB /* MFCore.framework in Frameworks */ = {isa = PBXBuildFile; fileRef = D4FC0C980CF128480029B133 /* MFCore.framework */; };
		D49059750D35681F00E21C1E /* AppKit.framework in Frameworks */ = {isa = PBXBuildFile; fileRef = D49059740D35681F00E21C1E /* AppKit.framework */; };
		D490597E0D35682D00E21C1E /* AppKit.framework in Frameworks */ = {isa = PBXBuildFile; fileRef = D49059740D35681F00E21C1E /* AppKit.framework */; };
		D4905BD70D380B6B00E21C1E /* DiskArbitration.framework in Frameworks */ = {isa = PBXBuildFile; fileRef = D4905BD60D380B6B00E21C1E /* DiskArbitration.framework */; };
		D4905C330D393F8300E21C1E /* MFClientPlugin.h in Headers */ = {isa = PBXBuildFile; fileRef = D4905C310D393F8300E21C1E /* MFClientPlugin.h */; };
		D4905C340D393F8300E21C1E /* MFClientPlugin.m in Sources */ = {isa = PBXBuildFile; fileRef = D4905C320D393F8300E21C1E /* MFClientPlugin.m */; };
		D4905D4D0D39791B00E21C1E /* MFServerPlugin.m in Sources */ = {isa = PBXBuildFile; fileRef = D4905C6F0D394A6700E21C1E /* MFServerPlugin.m */; };
		D4B14BC90CE03D25003195A3 /* sshnodelay.so in Resources */ = {isa = PBXBuildFile; fileRef = D4B14BAA0CE03C84003195A3 /* sshnodelay.so */; };
		D4B14BCA0CE03D25003195A3 /* sshfs.plist in Resources */ = {isa = PBXBuildFile; fileRef = D4B14BAB0CE03C84003195A3 /* sshfs.plist */; };
		D4B14BCB0CE03D25003195A3 /* sshfs-static in Resources */ = {isa = PBXBuildFile; fileRef = D4B14BAC0CE03C84003195A3 /* sshfs-static */; };
		D4B14D740CE195CB003195A3 /* mfctl.m in Sources */ = {isa = PBXBuildFile; fileRef = D4B14D730CE195CB003195A3 /* mfctl.m */; };
		D4B14EE30CE2468B003195A3 /* MFLoggingController.h in Headers */ = {isa = PBXBuildFile; fileRef = D4B14EE10CE2468B003195A3 /* MFLoggingController.h */; };
		D4B14EE40CE2468B003195A3 /* MFLoggingController.m in Sources */ = {isa = PBXBuildFile; fileRef = D4B14EE20CE2468B003195A3 /* MFLoggingController.m */; };
		D4B14FC20CE25A88003195A3 /* MFFilesystemController.m in Sources */ = {isa = PBXBuildFile; fileRef = D4B14FC10CE25A88003195A3 /* MFFilesystemController.m */; };
		D4B657990D0DE41300ED34B3 /* MFClient.h in Headers */ = {isa = PBXBuildFile; fileRef = D4B657970D0DE41300ED34B3 /* MFClient.h */; };
		D4B6579A0D0DE41300ED34B3 /* MFClient.m in Sources */ = {isa = PBXBuildFile; fileRef = D4B657980D0DE41300ED34B3 /* MFClient.m */; };
		D4C6334D0D7644B300734165 /* MGFadingWindow.m in Sources */ = {isa = PBXBuildFile; fileRef = D4C6334C0D7644B300734165 /* MGFadingWindow.m */; };
		D4CEE0F30D3045590064042E /* MFClientFS.h in Headers */ = {isa = PBXBuildFile; fileRef = D4CEE0F10D3045580064042E /* MFClientFS.h */; };
		D4CEE0F40D3045590064042E /* MFClientFS.m in Sources */ = {isa = PBXBuildFile; fileRef = D4CEE0F20D3045590064042E /* MFClientFS.m */; };
		D4D0E9FF0D7C887A00797279 /* MFClientFSDelegateProtocol.h in Headers */ = {isa = PBXBuildFile; fileRef = D4D0E9FE0D7C887A00797279 /* MFClientFSDelegateProtocol.h */; };
		D4D6A0D80D025B4A00BC2E2D /* MFConstants.h in Headers */ = {isa = PBXBuildFile; fileRef = D4D6A0D70D025B4A00BC2E2D /* MFConstants.h */; };
		D4DB420B0D3E867200C99914 /* MFCore.framework in Frameworks */ = {isa = PBXBuildFile; fileRef = D4FC0C980CF128480029B133 /* MFCore.framework */; };
		D4DB42CE0D3EAC7000C99914 /* MFSettingsController.m in Sources */ = {isa = PBXBuildFile; fileRef = D4DB42CD0D3EAC7000C99914 /* MFSettingsController.m */; };
		D4DB42EA0D3EAE4C00C99914 /* settingsMain.m in Sources */ = {isa = PBXBuildFile; fileRef = D4DB42E90D3EAE4C00C99914 /* settingsMain.m */; };
		D4DB43210D3EAEE600C99914 /* MFCore.framework in Copy Frameworks */ = {isa = PBXBuildFile; fileRef = D4FC0C980CF128480029B133 /* MFCore.framework */; };
		D4DB43750D3EB6A100C99914 /* main.xib in Resources */ = {isa = PBXBuildFile; fileRef = D4DB43740D3EB6A100C99914 /* main.xib */; };
		D4DB438B0D3EB9A400C99914 /* macfusionIcon.icns in Resources */ = {isa = PBXBuildFile; fileRef = D4386C0B0D0B47240078C19F /* macfusionIcon.icns */; };
		D4DB45D40D3FEBE300C99914 /* MFFilesystemCell.m in Sources */ = {isa = PBXBuildFile; fileRef = D4DB45D30D3FEBE300C99914 /* MFFilesystemCell.m */; };
		D4DF34CE0D80FC73005C9402 /* topView.xib in Resources */ = {isa = PBXBuildFile; fileRef = D4DF34CD0D80FC73005C9402 /* topView.xib */; };
		D4DF353C0D812AA7005C9402 /* MGSmoothingImageView.h in Headers */ = {isa = PBXBuildFile; fileRef = D4DF353A0D812AA7005C9402 /* MGSmoothingImageView.h */; };
		D4DF353D0D812AA7005C9402 /* MGSmoothingImageView.m in Sources */ = {isa = PBXBuildFile; fileRef = D4DF353B0D812AA7005C9402 /* MGSmoothingImageView.m */; };
		D4E51FE60CE03AC3009B1A30 /* MFMainController.h in Headers */ = {isa = PBXBuildFile; fileRef = D42E13E40CDFC69500C81814 /* MFMainController.h */; };
		D4E51FE70CE03AC3009B1A30 /* MFPlugin.h in Headers */ = {isa = PBXBuildFile; fileRef = D42E141B0CDFC99A00C81814 /* MFPlugin.h */; };
		D4E51FE80CE03AC3009B1A30 /* MFFilesystem.h in Headers */ = {isa = PBXBuildFile; fileRef = D42E14540CDFCF9000C81814 /* MFFilesystem.h */; };
		D4E51FEA0CE03ACA009B1A30 /* MFPlugin.m in Sources */ = {isa = PBXBuildFile; fileRef = D42E141C0CDFC99A00C81814 /* MFPlugin.m */; };
		D4E51FEB0CE03ACA009B1A30 /* MFFilesystem.m in Sources */ = {isa = PBXBuildFile; fileRef = D42E14550CDFCF9000C81814 /* MFFilesystem.m */; };
		D4E983450D7223CE0058AF73 /* MGNSImage.m in Sources */ = {isa = PBXBuildFile; fileRef = D4E983440D7223CE0058AF73 /* MGNSImage.m */; };
		D4E983470D7223D70058AF73 /* MGNSImage.h in Headers */ = {isa = PBXBuildFile; fileRef = D4E983460D7223D70058AF73 /* MGNSImage.h */; };
		D4F499EF0D52601B00CDA4A9 /* SSHFSDelegate.m in Sources */ = {isa = PBXBuildFile; fileRef = D4F499EE0D52601B00CDA4A9 /* SSHFSDelegate.m */; };
		D4F499F10D52609400CDA4A9 /* MFFSDelegateProtocol.h in Resources */ = {isa = PBXBuildFile; fileRef = D4F499F00D52609400CDA4A9 /* MFFSDelegateProtocol.h */; };
		D4FC0C990CF128480029B133 /* MFCore.framework in Frameworks */ = {isa = PBXBuildFile; fileRef = D4FC0C980CF128480029B133 /* MFCore.framework */; };
		D4FC0C9A0CF128480029B133 /* MFCore.framework in Frameworks */ = {isa = PBXBuildFile; fileRef = D4FC0C980CF128480029B133 /* MFCore.framework */; };
		D4FEAF560D835E3000C709C1 /* MFFilesystemTableView.m in Sources */ = {isa = PBXBuildFile; fileRef = D4FEAF550D835E3000C709C1 /* MFFilesystemTableView.m */; };
/* End PBXBuildFile section */

/* Begin PBXContainerItemProxy section */
		D41867D80D72983C004975AF /* PBXContainerItemProxy */ = {
			isa = PBXContainerItemProxy;
			containerPortal = 08FB7793FE84155DC02AAC07 /* Project object */;
			proxyType = 1;
			remoteGlobalIDString = D42E15540CE03A8200C81814;
			remoteInfo = MFCore;
		};
		D41867DA0D72983E004975AF /* PBXContainerItemProxy */ = {
			isa = PBXContainerItemProxy;
			containerPortal = 08FB7793FE84155DC02AAC07 /* Project object */;
			proxyType = 1;
			remoteGlobalIDString = D42E15540CE03A8200C81814;
			remoteInfo = MFCore;
		};
		D41E17DC0D86040000F46F50 /* PBXContainerItemProxy */ = {
			isa = PBXContainerItemProxy;
			containerPortal = 08FB7793FE84155DC02AAC07 /* Project object */;
			proxyType = 1;
			remoteGlobalIDString = D41E17D30D8603DC00F46F50;
			remoteInfo = new_sshfs_askpass;
		};
		D41E19500D86495300F46F50 /* PBXContainerItemProxy */ = {
			isa = PBXContainerItemProxy;
			containerPortal = 08FB7793FE84155DC02AAC07 /* Project object */;
			proxyType = 1;
			remoteGlobalIDString = D42E15540CE03A8200C81814;
			remoteInfo = MFCore;
		};
		D41E1DB70D87579300F46F50 /* PBXContainerItemProxy */ = {
			isa = PBXContainerItemProxy;
			containerPortal = 08FB7793FE84155DC02AAC07 /* Project object */;
			proxyType = 1;
			remoteGlobalIDString = 8DD76F960486AA7600D96B5E;
			remoteInfo = macfusionAgent;
		};
		D41E1DBF0D8757B400F46F50 /* PBXContainerItemProxy */ = {
			isa = PBXContainerItemProxy;
			containerPortal = 08FB7793FE84155DC02AAC07 /* Project object */;
			proxyType = 1;
			remoteGlobalIDString = D48DB97E0D70D7A4008A62BB;
			remoteInfo = MacfusionMenuling;
		};
		D41E1DF90D8757FB00F46F50 /* PBXContainerItemProxy */ = {
			isa = PBXContainerItemProxy;
			containerPortal = 08FB7793FE84155DC02AAC07 /* Project object */;
			proxyType = 1;
			remoteGlobalIDString = D4B14D6B0CE19545003195A3;
			remoteInfo = mfctl;
		};
		D41E1E0F0D8758AB00F46F50 /* PBXContainerItemProxy */ = {
			isa = PBXContainerItemProxy;
			containerPortal = 08FB7793FE84155DC02AAC07 /* Project object */;
			proxyType = 1;
			remoteGlobalIDString = D4B14BB50CE03CC3003195A3;
			remoteInfo = sshfs;
		};
		D41E1E110D8758B500F46F50 /* PBXContainerItemProxy */ = {
			isa = PBXContainerItemProxy;
			containerPortal = 08FB7793FE84155DC02AAC07 /* Project object */;
			proxyType = 1;
			remoteGlobalIDString = D41E1E0B0D8758A200F46F50;
			remoteInfo = Plugins;
		};
		D41E20EB0D88719600F46F50 /* PBXContainerItemProxy */ = {
			isa = PBXContainerItemProxy;
			containerPortal = 08FB7793FE84155DC02AAC07 /* Project object */;
			proxyType = 1;
			remoteGlobalIDString = 8DD76F960486AA7600D96B5E;
			remoteInfo = macfusionAgent;
		};
		D439D6480D0A06DD0025574A /* PBXContainerItemProxy */ = {
			isa = PBXContainerItemProxy;
			containerPortal = 08FB7793FE84155DC02AAC07 /* Project object */;
			proxyType = 1;
			remoteGlobalIDString = D4B14D6B0CE19545003195A3;
			remoteInfo = mfctl;
		};
		D48DB9880D70D7BB008A62BB /* PBXContainerItemProxy */ = {
			isa = PBXContainerItemProxy;
			containerPortal = 08FB7793FE84155DC02AAC07 /* Project object */;
			proxyType = 1;
			remoteGlobalIDString = D48DB97E0D70D7A4008A62BB;
			remoteInfo = MacfusionMenuling;
		};
		D4B14F240CE24F1A003195A3 /* PBXContainerItemProxy */ = {
			isa = PBXContainerItemProxy;
			containerPortal = 08FB7793FE84155DC02AAC07 /* Project object */;
			proxyType = 1;
			remoteGlobalIDString = D42E15540CE03A8200C81814;
			remoteInfo = MFCore;
		};
		D4D6A11E0D03548100BC2E2D /* PBXContainerItemProxy */ = {
			isa = PBXContainerItemProxy;
			containerPortal = 08FB7793FE84155DC02AAC07 /* Project object */;
			proxyType = 1;
			remoteGlobalIDString = D42E15540CE03A8200C81814;
			remoteInfo = MFCore;
		};
		D4DB42100D3E867800C99914 /* PBXContainerItemProxy */ = {
			isa = PBXContainerItemProxy;
			containerPortal = 08FB7793FE84155DC02AAC07 /* Project object */;
			proxyType = 1;
			remoteGlobalIDString = D4DB42030D3E863100C99914;
			remoteInfo = MacfusionSettings;
		};
		D4E51FEC0CE03AD3009B1A30 /* PBXContainerItemProxy */ = {
			isa = PBXContainerItemProxy;
			containerPortal = 08FB7793FE84155DC02AAC07 /* Project object */;
			proxyType = 1;
			remoteGlobalIDString = D42E15540CE03A8200C81814;
			remoteInfo = MFCore;
		};
		D4FC0DA60CF23D040029B133 /* PBXContainerItemProxy */ = {
			isa = PBXContainerItemProxy;
			containerPortal = 08FB7793FE84155DC02AAC07 /* Project object */;
			proxyType = 1;
			remoteGlobalIDString = 8DD76F960486AA7600D96B5E;
			remoteInfo = macfusionAgent;
		};
		D4FC0DA80CF23D060029B133 /* PBXContainerItemProxy */ = {
			isa = PBXContainerItemProxy;
			containerPortal = 08FB7793FE84155DC02AAC07 /* Project object */;
			proxyType = 1;
			remoteGlobalIDString = D42E15540CE03A8200C81814;
			remoteInfo = MFCore;
		};
/* End PBXContainerItemProxy section */

/* Begin PBXCopyFilesBuildPhase section */
		8DD76F9E0486AA7600D96B5E /* CopyFiles */ = {
			isa = PBXCopyFilesBuildPhase;
			buildActionMask = 8;
			dstPath = /usr/share/man/man1/;
			dstSubfolderSpec = 0;
			files = (
				D4386C0E0D0B472D0078C19F /* macfusionIcon.icns in CopyFiles */,
			);
			runOnlyForDeploymentPostprocessing = 1;
		};
		D41E1DB30D87576C00F46F50 /* Copy PlugIns */ = {
			isa = PBXCopyFilesBuildPhase;
			buildActionMask = 2147483647;
			dstPath = "";
			dstSubfolderSpec = 13;
			files = (
				D41E1DB20D87574E00F46F50 /* sshfs.mfplugin in Copy PlugIns */,
			);
			name = "Copy PlugIns";
			runOnlyForDeploymentPostprocessing = 0;
		};
		D41E1DB60D87579200F46F50 /* Copy App Resources */ = {
			isa = PBXCopyFilesBuildPhase;
			buildActionMask = 2147483647;
			dstPath = "";
			dstSubfolderSpec = 7;
			files = (
				D41E1DFE0D87580F00F46F50 /* mfctl in Copy App Resources */,
				D41E1DBB0D87579F00F46F50 /* macfusionAgent in Copy App Resources */,
				D41E1DBC0D8757A500F46F50 /* MacfusionMenuling.app in Copy App Resources */,
			);
			name = "Copy App Resources";
			runOnlyForDeploymentPostprocessing = 0;
		};
		D4DB432E0D3EAEF500C99914 /* Copy Frameworks */ = {
			isa = PBXCopyFilesBuildPhase;
			buildActionMask = 2147483647;
			dstPath = "";
			dstSubfolderSpec = 10;
			files = (
				D4DB43210D3EAEE600C99914 /* MFCore.framework in Copy Frameworks */,
			);
			name = "\U0010Copy Frameworks";
			runOnlyForDeploymentPostprocessing = 0;
		};
/* End PBXCopyFilesBuildPhase section */

/* Begin PBXFileReference section */
		08FB7796FE84155DC02AAC07 /* macfusionAgent.m */ = {isa = PBXFileReference; fileEncoding = 4; lastKnownFileType = sourcecode.c.objc; path = macfusionAgent.m; sourceTree = "<group>"; };
		08FB779EFE84155DC02AAC07 /* Foundation.framework */ = {isa = PBXFileReference; lastKnownFileType = wrapper.framework; name = Foundation.framework; path = /System/Library/Frameworks/Foundation.framework; sourceTree = "<absolute>"; };
		D40235AD0D7E0176000B9B64 /* Carbon.framework */ = {isa = PBXFileReference; lastKnownFileType = wrapper.framework; name = Carbon.framework; path = /System/Library/Frameworks/Carbon.framework; sourceTree = "<absolute>"; };
		D403BC8D0D64C3D00049201D /* MFServerFSProtocol.h */ = {isa = PBXFileReference; fileEncoding = 4; lastKnownFileType = sourcecode.c.h; path = MFServerFSProtocol.h; sourceTree = "<group>"; };
		D403BD6C0D650D630049201D /* MFError.h */ = {isa = PBXFileReference; fileEncoding = 4; lastKnownFileType = sourcecode.c.h; path = MFError.h; sourceTree = "<group>"; };
		D403BD6D0D650D630049201D /* MFError.m */ = {isa = PBXFileReference; fileEncoding = 4; lastKnownFileType = sourcecode.c.objc; path = MFError.m; sourceTree = "<group>"; };
		D412AFC20D596E890091C12B /* MGUtilities.m */ = {isa = PBXFileReference; fileEncoding = 4; lastKnownFileType = sourcecode.c.objc; path = MGUtilities.m; sourceTree = "<group>"; };
		D412AFC50D596F4B0091C12B /* MGUtilities.h */ = {isa = PBXFileReference; fileEncoding = 4; lastKnownFileType = sourcecode.c.h; path = MGUtilities.h; sourceTree = "<group>"; };
		D413146D0D7F225E00F55B9B /* MGTransitioningTabView.h */ = {isa = PBXFileReference; fileEncoding = 4; lastKnownFileType = sourcecode.c.h; path = MGTransitioningTabView.h; sourceTree = "<group>"; };
		D413146E0D7F225E00F55B9B /* MGTransitioningTabView.m */ = {isa = PBXFileReference; fileEncoding = 4; lastKnownFileType = sourcecode.c.objc; path = MGTransitioningTabView.m; sourceTree = "<group>"; };
		D41316310D7F740400F55B9B /* sshfsAdvanced.xib */ = {isa = PBXFileReference; lastKnownFileType = file.xib; path = sshfsAdvanced.xib; sourceTree = "<group>"; };
		D41867E60D729A31004975AF /* QuickMount.xib */ = {isa = PBXFileReference; lastKnownFileType = file.xib; path = QuickMount.xib; sourceTree = "<group>"; };
		D41867E90D729B81004975AF /* MFQuickMountController.h */ = {isa = PBXFileReference; fileEncoding = 4; lastKnownFileType = sourcecode.c.h; path = MFQuickMountController.h; sourceTree = "<group>"; };
		D41867EA0D729B81004975AF /* MFQuickMountController.m */ = {isa = PBXFileReference; fileEncoding = 4; lastKnownFileType = sourcecode.c.objc; path = MFQuickMountController.m; sourceTree = "<group>"; };
		D41E17390D85CAF500F46F50 /* MFSecurity.h */ = {isa = PBXFileReference; fileEncoding = 4; lastKnownFileType = sourcecode.c.h; path = MFSecurity.h; sourceTree = "<group>"; };
		D41E173A0D85CAF500F46F50 /* MFSecurity.m */ = {isa = PBXFileReference; fileEncoding = 4; lastKnownFileType = sourcecode.c.objc; path = MFSecurity.m; sourceTree = "<group>"; };
		D41E17440D85CB7100F46F50 /* QuartzCore.framework */ = {isa = PBXFileReference; lastKnownFileType = wrapper.framework; name = QuartzCore.framework; path = System/Library/Frameworks/QuartzCore.framework; sourceTree = SDKROOT; };
		D41E17480D85CB8B00F46F50 /* Security.framework */ = {isa = PBXFileReference; lastKnownFileType = wrapper.framework; name = Security.framework; path = System/Library/Frameworks/Security.framework; sourceTree = SDKROOT; };
		D41E17C30D86018500F46F50 /* MFNetworkFS.h */ = {isa = PBXFileReference; fileEncoding = 4; lastKnownFileType = sourcecode.c.h; path = MFNetworkFS.h; sourceTree = "<group>"; };
		D41E17CA0D86035500F46F50 /* new_ssh_askpass.m */ = {isa = PBXFileReference; fileEncoding = 4; lastKnownFileType = sourcecode.c.objc; path = new_ssh_askpass.m; sourceTree = "<group>"; };
		D41E17D40D8603DC00F46F50 /* new_sshfs_askpass */ = {isa = PBXFileReference; explicitFileType = "compiled.mach-o.executable"; includeInIndex = 0; path = new_sshfs_askpass; sourceTree = BUILT_PRODUCTS_DIR; };
		D41E1DA10D87557900F46F50 /* MFCore.h */ = {isa = PBXFileReference; fileEncoding = 4; lastKnownFileType = sourcecode.c.h; path = MFCore.h; sourceTree = "<group>"; };
		D41E1DA20D87557900F46F50 /* MFCore.m */ = {isa = PBXFileReference; fileEncoding = 4; lastKnownFileType = sourcecode.c.objc; path = MFCore.m; sourceTree = "<group>"; };
		D41E23980D88E7B100F46F50 /* macfusionAdvancedView.xib */ = {isa = PBXFileReference; lastKnownFileType = file.xib; path = macfusionAdvancedView.xib; sourceTree = "<group>"; };
		D41E24250D897D5600F46F50 /* MFPreferences.xib */ = {isa = PBXFileReference; lastKnownFileType = file.xib; path = MFPreferences.xib; sourceTree = "<group>"; };
		D41E24280D897F0B00F46F50 /* MFPreferencesController.h */ = {isa = PBXFileReference; fileEncoding = 4; lastKnownFileType = sourcecode.c.h; path = MFPreferencesController.h; sourceTree = "<group>"; };
		D41E24290D897F0B00F46F50 /* MFPreferencesController.m */ = {isa = PBXFileReference; fileEncoding = 4; lastKnownFileType = sourcecode.c.objc; path = MFPreferencesController.m; sourceTree = "<group>"; };
		D41E25610D89B14800F46F50 /* Credits.rtf */ = {isa = PBXFileReference; lastKnownFileType = text.rtf; path = Credits.rtf; sourceTree = "<group>"; };
		D41E25C00D89B4B900F46F50 /* MacFusion_Menu_Light.png */ = {isa = PBXFileReference; lastKnownFileType = image.png; path = MacFusion_Menu_Light.png; sourceTree = "<group>"; };
		D41E25C10D89B4B900F46F50 /* MacFusion_Menu_Dark.png */ = {isa = PBXFileReference; lastKnownFileType = image.png; path = MacFusion_Menu_Dark.png; sourceTree = "<group>"; };
		D420386D0D73A76B009EE78F /* MFClientRecent.h */ = {isa = PBXFileReference; fileEncoding = 4; lastKnownFileType = sourcecode.c.h; path = MFClientRecent.h; sourceTree = "<group>"; };
		D420386E0D73A76B009EE78F /* MFClientRecent.m */ = {isa = PBXFileReference; fileEncoding = 4; lastKnownFileType = sourcecode.c.objc; path = MFClientRecent.m; sourceTree = "<group>"; };
		D42E13E40CDFC69500C81814 /* MFMainController.h */ = {isa = PBXFileReference; fileEncoding = 4; lastKnownFileType = sourcecode.c.h; path = MFMainController.h; sourceTree = "<group>"; };
		D42E13E50CDFC69500C81814 /* MFMainController.m */ = {isa = PBXFileReference; fileEncoding = 4; lastKnownFileType = sourcecode.c.objc; path = MFMainController.m; sourceTree = "<group>"; };
		D42E141B0CDFC99A00C81814 /* MFPlugin.h */ = {isa = PBXFileReference; fileEncoding = 4; lastKnownFileType = sourcecode.c.h; path = MFPlugin.h; sourceTree = "<group>"; };
		D42E141C0CDFC99A00C81814 /* MFPlugin.m */ = {isa = PBXFileReference; fileEncoding = 4; lastKnownFileType = sourcecode.c.objc; path = MFPlugin.m; sourceTree = "<group>"; };
		D42E14540CDFCF9000C81814 /* MFFilesystem.h */ = {isa = PBXFileReference; fileEncoding = 4; lastKnownFileType = sourcecode.c.h; path = MFFilesystem.h; sourceTree = "<group>"; };
		D42E14550CDFCF9000C81814 /* MFFilesystem.m */ = {isa = PBXFileReference; fileEncoding = 4; lastKnownFileType = sourcecode.c.objc; path = MFFilesystem.m; sourceTree = "<group>"; };
		D42E15560CE03A8200C81814 /* MFCore-Info.plist */ = {isa = PBXFileReference; lastKnownFileType = text.plist.xml; path = "MFCore-Info.plist"; sourceTree = "<group>"; };
		D4386C0A0D0B46EE0078C19F /* macfusion.tiff */ = {isa = PBXFileReference; lastKnownFileType = image.tiff; name = macfusion.tiff; path = Resources/macfusion.tiff; sourceTree = SOURCE_ROOT; };
		D4386C0B0D0B47240078C19F /* macfusionIcon.icns */ = {isa = PBXFileReference; lastKnownFileType = image.icns; path = macfusionIcon.icns; sourceTree = "<group>"; };
		D439D4370D05D58D0025574A /* macfusionAgent */ = {isa = PBXFileReference; explicitFileType = "compiled.mach-o.executable"; includeInIndex = 0; path = macfusionAgent; sourceTree = BUILT_PRODUCTS_DIR; };
		D439D5900D09E1510025574A /* MFCommunicationServer.h */ = {isa = PBXFileReference; fileEncoding = 4; lastKnownFileType = sourcecode.c.h; path = MFCommunicationServer.h; sourceTree = "<group>"; };
		D439D5910D09E1510025574A /* MFCommunicationServer.m */ = {isa = PBXFileReference; fileEncoding = 4; lastKnownFileType = sourcecode.c.objc; path = MFCommunicationServer.m; sourceTree = "<group>"; };
		D439D5940D09E4390025574A /* MFServerProtocol.h */ = {isa = PBXFileReference; fileEncoding = 4; lastKnownFileType = sourcecode.c.h; path = MFServerProtocol.h; sourceTree = "<group>"; };
		D439D6D50D0A0FDE0025574A /* sshfsConfiguration.xib */ = {isa = PBXFileReference; lastKnownFileType = file.xib; path = sshfsConfiguration.xib; sourceTree = "<group>"; };
		D441521F0CE2933C001EEF36 /* sshfs.mfplugin */ = {isa = PBXFileReference; explicitFileType = wrapper.cfbundle; includeInIndex = 0; path = sshfs.mfplugin; sourceTree = BUILT_PRODUCTS_DIR; };
		D45579150D40715F00669882 /* MFInertButton.h */ = {isa = PBXFileReference; fileEncoding = 4; lastKnownFileType = sourcecode.c.h; path = MFInertButton.h; sourceTree = "<group>"; };
		D45579160D40715F00669882 /* MFInertButton.m */ = {isa = PBXFileReference; fileEncoding = 4; lastKnownFileType = sourcecode.c.objc; path = MFInertButton.m; sourceTree = "<group>"; };
		D4656C8B0D6FD6DC00DE2208 /* sshfs_icon.icns */ = {isa = PBXFileReference; lastKnownFileType = image.icns; path = sshfs_icon.icns; sourceTree = "<group>"; };
		D4656C8C0D6FD6DC00DE2208 /* sshfs.png */ = {isa = PBXFileReference; lastKnownFileType = image.png; path = sshfs.png; sourceTree = "<group>"; };
		D4656C9E0D6FDBF900DE2208 /* QuartzCore.framework */ = {isa = PBXFileReference; lastKnownFileType = wrapper.framework; name = QuartzCore.framework; path = /System/Library/Frameworks/QuartzCore.framework; sourceTree = "<absolute>"; };
		D46E4C0D0D02593B004926CE /* MFConstants.m */ = {isa = PBXFileReference; fileEncoding = 4; lastKnownFileType = sourcecode.c.objc; path = MFConstants.m; sourceTree = "<group>"; };
		D48DB9730D70D73A008A62BB /* MFMenulingAppDelegate.h */ = {isa = PBXFileReference; fileEncoding = 4; lastKnownFileType = sourcecode.c.h; path = MFMenulingAppDelegate.h; sourceTree = "<group>"; };
		D48DB9740D70D73A008A62BB /* MFMenulingAppDelegate.m */ = {isa = PBXFileReference; fileEncoding = 4; lastKnownFileType = sourcecode.c.objc; path = MFMenulingAppDelegate.m; sourceTree = "<group>"; };
		D48DB97F0D70D7A4008A62BB /* MacfusionMenuling.app */ = {isa = PBXFileReference; explicitFileType = wrapper.application; includeInIndex = 0; path = MacfusionMenuling.app; sourceTree = BUILT_PRODUCTS_DIR; };
		D48DB9810D70D7A4008A62BB /* MacfusionMenuling-Info.plist */ = {isa = PBXFileReference; lastKnownFileType = text.plist.xml; path = "MacfusionMenuling-Info.plist"; sourceTree = "<group>"; };
		D48DB9A90D70D910008A62BB /* MainMenu.xib */ = {isa = PBXFileReference; lastKnownFileType = file.xib; path = MainMenu.xib; sourceTree = "<group>"; };
		D48DB9AF0D70D968008A62BB /* menulingMain.m */ = {isa = PBXFileReference; fileEncoding = 4; lastKnownFileType = sourcecode.c.objc; path = menulingMain.m; sourceTree = "<group>"; };
		D49059740D35681F00E21C1E /* AppKit.framework */ = {isa = PBXFileReference; lastKnownFileType = wrapper.framework; name = AppKit.framework; path = /System/Library/Frameworks/AppKit.framework; sourceTree = "<absolute>"; };
		D4905BD60D380B6B00E21C1E /* DiskArbitration.framework */ = {isa = PBXFileReference; lastKnownFileType = wrapper.framework; name = DiskArbitration.framework; path = /System/Library/Frameworks/DiskArbitration.framework; sourceTree = "<absolute>"; };
		D4905C310D393F8300E21C1E /* MFClientPlugin.h */ = {isa = PBXFileReference; fileEncoding = 4; lastKnownFileType = sourcecode.c.h; path = MFClientPlugin.h; sourceTree = "<group>"; };
		D4905C320D393F8300E21C1E /* MFClientPlugin.m */ = {isa = PBXFileReference; fileEncoding = 4; lastKnownFileType = sourcecode.c.objc; path = MFClientPlugin.m; sourceTree = "<group>"; };
		D4905C6B0D394A5D00E21C1E /* MFServerFS.h */ = {isa = PBXFileReference; fileEncoding = 4; lastKnownFileType = sourcecode.c.h; path = MFServerFS.h; sourceTree = "<group>"; };
		D4905C6C0D394A5D00E21C1E /* MFServerFS.m */ = {isa = PBXFileReference; fileEncoding = 4; lastKnownFileType = sourcecode.c.objc; path = MFServerFS.m; sourceTree = "<group>"; };
		D4905C6E0D394A6700E21C1E /* MFServerPlugin.h */ = {isa = PBXFileReference; fileEncoding = 4; lastKnownFileType = sourcecode.c.h; path = MFServerPlugin.h; sourceTree = "<group>"; };
		D4905C6F0D394A6700E21C1E /* MFServerPlugin.m */ = {isa = PBXFileReference; fileEncoding = 4; lastKnownFileType = sourcecode.c.objc; path = MFServerPlugin.m; sourceTree = "<group>"; };
		D4B14BAA0CE03C84003195A3 /* sshnodelay.so */ = {isa = PBXFileReference; lastKnownFileType = "compiled.mach-o.dylib"; path = sshnodelay.so; sourceTree = "<group>"; };
		D4B14BAB0CE03C84003195A3 /* sshfs.plist */ = {isa = PBXFileReference; fileEncoding = 4; lastKnownFileType = text.plist.xml; path = sshfs.plist; sourceTree = "<group>"; };
		D4B14BAC0CE03C84003195A3 /* sshfs-static */ = {isa = PBXFileReference; lastKnownFileType = "compiled.mach-o.executable"; path = "sshfs-static"; sourceTree = "<group>"; };
		D4B14C0F0CE03F4C003195A3 /* sshfs-Info.plist */ = {isa = PBXFileReference; fileEncoding = 4; lastKnownFileType = text.plist.xml; path = "sshfs-Info.plist"; sourceTree = "<group>"; };
		D4B14C840CE0455A003195A3 /* MFPluginController.h */ = {isa = PBXFileReference; fileEncoding = 4; lastKnownFileType = sourcecode.c.h; path = MFPluginController.h; sourceTree = "<group>"; };
		D4B14C850CE0455A003195A3 /* MFPluginController.m */ = {isa = PBXFileReference; fileEncoding = 4; lastKnownFileType = sourcecode.c.objc; path = MFPluginController.m; sourceTree = "<group>"; };
		D4B14D730CE195CB003195A3 /* mfctl.m */ = {isa = PBXFileReference; fileEncoding = 4; lastKnownFileType = sourcecode.c.objc; path = mfctl.m; sourceTree = "<group>"; };
		D4B14E730CE198AC003195A3 /* mfctl */ = {isa = PBXFileReference; explicitFileType = "compiled.mach-o.executable"; includeInIndex = 0; path = mfctl; sourceTree = BUILT_PRODUCTS_DIR; };
		D4B14EE10CE2468B003195A3 /* MFLoggingController.h */ = {isa = PBXFileReference; fileEncoding = 4; lastKnownFileType = sourcecode.c.h; path = MFLoggingController.h; sourceTree = "<group>"; };
		D4B14EE20CE2468B003195A3 /* MFLoggingController.m */ = {isa = PBXFileReference; fileEncoding = 4; lastKnownFileType = sourcecode.c.objc; path = MFLoggingController.m; sourceTree = "<group>"; };
		D4B14FC00CE25A88003195A3 /* MFFilesystemController.h */ = {isa = PBXFileReference; fileEncoding = 4; lastKnownFileType = sourcecode.c.h; path = MFFilesystemController.h; sourceTree = "<group>"; };
		D4B14FC10CE25A88003195A3 /* MFFilesystemController.m */ = {isa = PBXFileReference; fileEncoding = 4; lastKnownFileType = sourcecode.c.objc; path = MFFilesystemController.m; sourceTree = "<group>"; };
		D4B657970D0DE41300ED34B3 /* MFClient.h */ = {isa = PBXFileReference; fileEncoding = 4; lastKnownFileType = sourcecode.c.h; path = MFClient.h; sourceTree = "<group>"; };
		D4B657980D0DE41300ED34B3 /* MFClient.m */ = {isa = PBXFileReference; fileEncoding = 4; lastKnownFileType = sourcecode.c.objc; path = MFClient.m; sourceTree = "<group>"; };
		D4C6334B0D7644B300734165 /* MGFadingWindow.h */ = {isa = PBXFileReference; fileEncoding = 4; lastKnownFileType = sourcecode.c.h; path = MGFadingWindow.h; sourceTree = "<group>"; };
		D4C6334C0D7644B300734165 /* MGFadingWindow.m */ = {isa = PBXFileReference; fileEncoding = 4; lastKnownFileType = sourcecode.c.objc; path = MGFadingWindow.m; sourceTree = "<group>"; };
		D4CEE0F10D3045580064042E /* MFClientFS.h */ = {isa = PBXFileReference; fileEncoding = 4; lastKnownFileType = sourcecode.c.h; path = MFClientFS.h; sourceTree = "<group>"; };
		D4CEE0F20D3045590064042E /* MFClientFS.m */ = {isa = PBXFileReference; fileEncoding = 4; lastKnownFileType = sourcecode.c.objc; path = MFClientFS.m; sourceTree = "<group>"; };
		D4D0E9FE0D7C887A00797279 /* MFClientFSDelegateProtocol.h */ = {isa = PBXFileReference; fileEncoding = 4; lastKnownFileType = sourcecode.c.h; path = MFClientFSDelegateProtocol.h; sourceTree = "<group>"; };
		D4D6A0D70D025B4A00BC2E2D /* MFConstants.h */ = {isa = PBXFileReference; fileEncoding = 4; lastKnownFileType = sourcecode.c.h; path = MFConstants.h; sourceTree = "<group>"; };
		D4DB42040D3E863100C99914 /* Macfusion.app */ = {isa = PBXFileReference; explicitFileType = wrapper.application; includeInIndex = 0; path = Macfusion.app; sourceTree = BUILT_PRODUCTS_DIR; };
		D4DB42060D3E863100C99914 /* MacfusionMain-Info.plist */ = {isa = PBXFileReference; lastKnownFileType = text.plist.xml; path = "MacfusionMain-Info.plist"; sourceTree = "<group>"; };
		D4DB42CC0D3EAC7000C99914 /* MFSettingsController.h */ = {isa = PBXFileReference; fileEncoding = 4; lastKnownFileType = sourcecode.c.h; path = MFSettingsController.h; sourceTree = "<group>"; };
		D4DB42CD0D3EAC7000C99914 /* MFSettingsController.m */ = {isa = PBXFileReference; fileEncoding = 4; lastKnownFileType = sourcecode.c.objc; path = MFSettingsController.m; sourceTree = "<group>"; };
		D4DB42E90D3EAE4C00C99914 /* settingsMain.m */ = {isa = PBXFileReference; fileEncoding = 4; lastKnownFileType = sourcecode.c.objc; path = settingsMain.m; sourceTree = "<group>"; };
		D4DB43740D3EB6A100C99914 /* main.xib */ = {isa = PBXFileReference; lastKnownFileType = file.xib; path = main.xib; sourceTree = "<group>"; };
		D4DB45D20D3FEBE300C99914 /* MFFilesystemCell.h */ = {isa = PBXFileReference; fileEncoding = 4; lastKnownFileType = sourcecode.c.h; path = MFFilesystemCell.h; sourceTree = "<group>"; };
		D4DB45D30D3FEBE300C99914 /* MFFilesystemCell.m */ = {isa = PBXFileReference; fileEncoding = 4; lastKnownFileType = sourcecode.c.objc; path = MFFilesystemCell.m; sourceTree = "<group>"; };
		D4DF34CD0D80FC73005C9402 /* topView.xib */ = {isa = PBXFileReference; lastKnownFileType = file.xib; path = topView.xib; sourceTree = "<group>"; };
		D4DF353A0D812AA7005C9402 /* MGSmoothingImageView.h */ = {isa = PBXFileReference; fileEncoding = 4; lastKnownFileType = sourcecode.c.h; path = MGSmoothingImageView.h; sourceTree = "<group>"; };
		D4DF353B0D812AA7005C9402 /* MGSmoothingImageView.m */ = {isa = PBXFileReference; fileEncoding = 4; lastKnownFileType = sourcecode.c.objc; path = MGSmoothingImageView.m; sourceTree = "<group>"; };
		D4E983440D7223CE0058AF73 /* MGNSImage.m */ = {isa = PBXFileReference; fileEncoding = 4; lastKnownFileType = sourcecode.c.objc; path = MGNSImage.m; sourceTree = "<group>"; };
		D4E983460D7223D70058AF73 /* MGNSImage.h */ = {isa = PBXFileReference; fileEncoding = 4; lastKnownFileType = sourcecode.c.h; path = MGNSImage.h; sourceTree = "<group>"; };
		D4F499ED0D52601B00CDA4A9 /* SSHFSDelegate.h */ = {isa = PBXFileReference; fileEncoding = 4; lastKnownFileType = sourcecode.c.h; path = SSHFSDelegate.h; sourceTree = "<group>"; };
		D4F499EE0D52601B00CDA4A9 /* SSHFSDelegate.m */ = {isa = PBXFileReference; fileEncoding = 4; lastKnownFileType = sourcecode.c.objc; path = SSHFSDelegate.m; sourceTree = "<group>"; };
		D4F499F00D52609400CDA4A9 /* MFFSDelegateProtocol.h */ = {isa = PBXFileReference; fileEncoding = 4; lastKnownFileType = sourcecode.c.h; path = MFFSDelegateProtocol.h; sourceTree = "<group>"; };
		D4F49A370D52727300CDA4A9 /* macfusionAgent_Prefix.pch */ = {isa = PBXFileReference; fileEncoding = 4; lastKnownFileType = sourcecode.c.h; path = macfusionAgent_Prefix.pch; sourceTree = "<group>"; };
		D4FC0C980CF128480029B133 /* MFCore.framework */ = {isa = PBXFileReference; explicitFileType = wrapper.framework; includeInIndex = 0; path = MFCore.framework; sourceTree = BUILT_PRODUCTS_DIR; };
		D4FEAF540D835E3000C709C1 /* MFFilesystemTableView.h */ = {isa = PBXFileReference; fileEncoding = 4; lastKnownFileType = sourcecode.c.h; path = MFFilesystemTableView.h; sourceTree = "<group>"; };
		D4FEAF550D835E3000C709C1 /* MFFilesystemTableView.m */ = {isa = PBXFileReference; fileEncoding = 4; lastKnownFileType = sourcecode.c.objc; path = MFFilesystemTableView.m; sourceTree = "<group>"; };
/* End PBXFileReference section */

/* Begin PBXFrameworksBuildPhase section */
		8DD76F9B0486AA7600D96B5E /* Frameworks */ = {
			isa = PBXFrameworksBuildPhase;
			buildActionMask = 2147483647;
			files = (
				D490597E0D35682D00E21C1E /* AppKit.framework in Frameworks */,
				8DD76F9C0486AA7600D96B5E /* Foundation.framework in Frameworks */,
				D4FC0C990CF128480029B133 /* MFCore.framework in Frameworks */,
				D4905BD70D380B6B00E21C1E /* DiskArbitration.framework in Frameworks */,
			);
			runOnlyForDeploymentPostprocessing = 0;
		};
		D41E17D20D8603DC00F46F50 /* Frameworks */ = {
			isa = PBXFrameworksBuildPhase;
			buildActionMask = 2147483647;
			files = (
				D41E20E60D88711B00F46F50 /* MFCore.framework in Frameworks */,
			);
			runOnlyForDeploymentPostprocessing = 0;
		};
		D42E15530CE03A8200C81814 /* Frameworks */ = {
			isa = PBXFrameworksBuildPhase;
			buildActionMask = 2147483647;
			files = (
				D49059750D35681F00E21C1E /* AppKit.framework in Frameworks */,
				D40235AE0D7E0176000B9B64 /* Carbon.framework in Frameworks */,
				D41E17450D85CB7200F46F50 /* QuartzCore.framework in Frameworks */,
				D41E17490D85CB8B00F46F50 /* Security.framework in Frameworks */,
			);
			runOnlyForDeploymentPostprocessing = 0;
		};
		D48DB97D0D70D7A4008A62BB /* Frameworks */ = {
			isa = PBXFrameworksBuildPhase;
			buildActionMask = 2147483647;
			files = (
				D48DBA520D70DF31008A62BB /* MFCore.framework in Frameworks */,
				D402372E0D7E029E000B9B64 /* Carbon.framework in Frameworks */,
			);
			runOnlyForDeploymentPostprocessing = 0;
		};
		D4B14BB40CE03CC3003195A3 /* Frameworks */ = {
			isa = PBXFrameworksBuildPhase;
			buildActionMask = 2147483647;
			files = (
				D41E21090D88723900F46F50 /* MFCore.framework in Frameworks */,
			);
			runOnlyForDeploymentPostprocessing = 0;
		};
		D4B14D6A0CE19545003195A3 /* Frameworks */ = {
			isa = PBXFrameworksBuildPhase;
			buildActionMask = 2147483647;
			files = (
				D4FC0C9A0CF128480029B133 /* MFCore.framework in Frameworks */,
			);
			runOnlyForDeploymentPostprocessing = 0;
		};
		D4DB42020D3E863100C99914 /* Frameworks */ = {
			isa = PBXFrameworksBuildPhase;
			buildActionMask = 2147483647;
			files = (
				D4DB420B0D3E867200C99914 /* MFCore.framework in Frameworks */,
				D4656C9F0D6FDBF900DE2208 /* QuartzCore.framework in Frameworks */,
			);
			runOnlyForDeploymentPostprocessing = 0;
		};
/* End PBXFrameworksBuildPhase section */

/* Begin PBXGroup section */
		08FB7794FE84155DC02AAC07 /* macfusiond */ = {
			isa = PBXGroup;
			children = (
				D4386C060D0B46CF0078C19F /* Resources */,
				D4B14EE00CE24671003195A3 /* Shared */,
				D4E5200C0CE03B82009B1A30 /* Server */,
				D4E5200F0CE03C1B009B1A30 /* Plugins */,
				D4E5200E0CE03B9D009B1A30 /* UI */,
				08FB779DFE84155DC02AAC07 /* External Frameworks and Libraries */,
				D4B14E620CE1987F003195A3 /* Products */,
				D41E17440D85CB7100F46F50 /* QuartzCore.framework */,
				D41E17480D85CB8B00F46F50 /* Security.framework */,
			);
			name = macfusiond;
			sourceTree = "<group>";
		};
		08FB7795FE84155DC02AAC07 /* Model */ = {
			isa = PBXGroup;
			children = (
				D4905C6B0D394A5D00E21C1E /* MFServerFS.h */,
				D4905C6C0D394A5D00E21C1E /* MFServerFS.m */,
				D4905C6E0D394A6700E21C1E /* MFServerPlugin.h */,
				D4905C6F0D394A6700E21C1E /* MFServerPlugin.m */,
			);
			name = Model;
			sourceTree = "<group>";
		};
		08FB779DFE84155DC02AAC07 /* External Frameworks and Libraries */ = {
			isa = PBXGroup;
			children = (
				D40235AD0D7E0176000B9B64 /* Carbon.framework */,
				D4656C9E0D6FDBF900DE2208 /* QuartzCore.framework */,
				D4905BD60D380B6B00E21C1E /* DiskArbitration.framework */,
				D49059740D35681F00E21C1E /* AppKit.framework */,
				08FB779EFE84155DC02AAC07 /* Foundation.framework */,
			);
			name = "External Frameworks and Libraries";
			sourceTree = "<group>";
		};
		D403BD6A0D650D530049201D /* Error Handling */ = {
			isa = PBXGroup;
			children = (
				D403BD6C0D650D630049201D /* MFError.h */,
				D403BD6D0D650D630049201D /* MFError.m */,
			);
			name = "Error Handling";
			sourceTree = "<group>";
		};
		D412AFC00D596E740091C12B /* Utility */ = {
			isa = PBXGroup;
			children = (
				D412AFC20D596E890091C12B /* MGUtilities.m */,
				D412AFC50D596F4B0091C12B /* MGUtilities.h */,
				D4E983460D7223D70058AF73 /* MGNSImage.h */,
				D4E983440D7223CE0058AF73 /* MGNSImage.m */,
			);
			name = Utility;
			sourceTree = "<group>";
		};
		D413146B0D7F224900F55B9B /* Shared */ = {
			isa = PBXGroup;
			children = (
				D413146D0D7F225E00F55B9B /* MGTransitioningTabView.h */,
				D413146E0D7F225E00F55B9B /* MGTransitioningTabView.m */,
				D4DF353A0D812AA7005C9402 /* MGSmoothingImageView.h */,
				D4DF353B0D812AA7005C9402 /* MGSmoothingImageView.m */,
				D41E24280D897F0B00F46F50 /* MFPreferencesController.h */,
				D41E24290D897F0B00F46F50 /* MFPreferencesController.m */,
			);
			name = Shared;
			sourceTree = "<group>";
		};
		D41867E50D729A0F004975AF /* Resources */ = {
			isa = PBXGroup;
			children = (
				D41E25C00D89B4B900F46F50 /* MacFusion_Menu_Light.png */,
				D41E25C10D89B4B900F46F50 /* MacFusion_Menu_Dark.png */,
				D48DB9A90D70D910008A62BB /* MainMenu.xib */,
				D41867E60D729A31004975AF /* QuickMount.xib */,
			);
			path = Resources;
			sourceTree = "<group>";
		};
		D41E17C20D86016600F46F50 /* Plugin Shared */ = {
			isa = PBXGroup;
			children = (
				D41E17C30D86018500F46F50 /* MFNetworkFS.h */,
			);
			name = "Plugin Shared";
			sourceTree = "<group>";
		};
		D4386C060D0B46CF0078C19F /* Resources */ = {
			isa = PBXGroup;
			children = (
				D46514540D89D6EF00F31CBE /* Plists */,
				D46514530D89D6E800F31CBE /* UI */,
				D4DF34CC0D80FC58005C9402 /* Other Resources */,
				D4386C080D0B46D90078C19F /* Images */,
				D4D6A22A0D03686500BC2E2D /* Property Lists */,
			);
			path = Resources;
			sourceTree = "<group>";
		};
		D4386C080D0B46D90078C19F /* Images */ = {
			isa = PBXGroup;
			children = (
				D4386C0B0D0B47240078C19F /* macfusionIcon.icns */,
				D4386C0A0D0B46EE0078C19F /* macfusion.tiff */,
			);
			name = Images;
			sourceTree = "<group>";
		};
		D46514530D89D6E800F31CBE /* UI */ = {
			isa = PBXGroup;
			children = (
				D41E24250D897D5600F46F50 /* MFPreferences.xib */,
				D41E23980D88E7B100F46F50 /* macfusionAdvancedView.xib */,
				D4DF34CD0D80FC73005C9402 /* topView.xib */,
			);
			name = UI;
			sourceTree = "<group>";
		};
		D46514540D89D6EF00F31CBE /* Plists */ = {
			isa = PBXGroup;
			children = (
				D42E15560CE03A8200C81814 /* MFCore-Info.plist */,
				D48DB9810D70D7A4008A62BB /* MacfusionMenuling-Info.plist */,
				D4DB42060D3E863100C99914 /* MacfusionMain-Info.plist */,
			);
			name = Plists;
			sourceTree = "<group>";
		};
		D48DB9720D70D70C008A62BB /* Menuling */ = {
			isa = PBXGroup;
			children = (
				D41867E50D729A0F004975AF /* Resources */,
				D48DB9730D70D73A008A62BB /* MFMenulingAppDelegate.h */,
				D48DB9740D70D73A008A62BB /* MFMenulingAppDelegate.m */,
				D48DB9AF0D70D968008A62BB /* menulingMain.m */,
				D41867E90D729B81004975AF /* MFQuickMountController.h */,
				D41867EA0D729B81004975AF /* MFQuickMountController.m */,
				D4C6334B0D7644B300734165 /* MGFadingWindow.h */,
				D4C6334C0D7644B300734165 /* MGFadingWindow.m */,
			);
			name = Menuling;
			path = menuling;
			sourceTree = "<group>";
		};
		D4905BAA0D38061F00E21C1E /* Protocols */ = {
			isa = PBXGroup;
			children = (
				D439D5940D09E4390025574A /* MFServerProtocol.h */,
				D4F499F00D52609400CDA4A9 /* MFFSDelegateProtocol.h */,
				D403BC8D0D64C3D00049201D /* MFServerFSProtocol.h */,
				D4D0E9FE0D7C887A00797279 /* MFClientFSDelegateProtocol.h */,
			);
			name = Protocols;
			sourceTree = "<group>";
		};
		D4905C6A0D394A1500E21C1E /* Model */ = {
			isa = PBXGroup;
			children = (
				D42E141B0CDFC99A00C81814 /* MFPlugin.h */,
				D42E141C0CDFC99A00C81814 /* MFPlugin.m */,
				D42E14540CDFCF9000C81814 /* MFFilesystem.h */,
				D42E14550CDFCF9000C81814 /* MFFilesystem.m */,
				D4CEE0F10D3045580064042E /* MFClientFS.h */,
				D4CEE0F20D3045590064042E /* MFClientFS.m */,
				D4905C310D393F8300E21C1E /* MFClientPlugin.h */,
				D4905C320D393F8300E21C1E /* MFClientPlugin.m */,
				D420386D0D73A76B009EE78F /* MFClientRecent.h */,
				D420386E0D73A76B009EE78F /* MFClientRecent.m */,
			);
			name = Model;
			sourceTree = "<group>";
		};
		D4B14D660CE19514003195A3 /* Console */ = {
			isa = PBXGroup;
			children = (
				D4B14D730CE195CB003195A3 /* mfctl.m */,
			);
			name = Console;
			sourceTree = "<group>";
		};
		D4B14E620CE1987F003195A3 /* Products */ = {
			isa = PBXGroup;
			children = (
				D4B14E730CE198AC003195A3 /* mfctl */,
				D441521F0CE2933C001EEF36 /* sshfs.mfplugin */,
				D4FC0C980CF128480029B133 /* MFCore.framework */,
				D439D4370D05D58D0025574A /* macfusionAgent */,
				D4DB42040D3E863100C99914 /* Macfusion.app */,
				D48DB97F0D70D7A4008A62BB /* MacfusionMenuling.app */,
				D41E17D40D8603DC00F46F50 /* new_sshfs_askpass */,
			);
			name = Products;
			sourceTree = "<group>";
		};
		D4B14EE00CE24671003195A3 /* Shared */ = {
			isa = PBXGroup;
			children = (
				D41E17C20D86016600F46F50 /* Plugin Shared */,
				D403BD6A0D650D530049201D /* Error Handling */,
				D412AFC00D596E740091C12B /* Utility */,
				D4905C6A0D394A1500E21C1E /* Model */,
				D4905BAA0D38061F00E21C1E /* Protocols */,
				D4B14EE10CE2468B003195A3 /* MFLoggingController.h */,
				D4B14EE20CE2468B003195A3 /* MFLoggingController.m */,
				D4D6A0D70D025B4A00BC2E2D /* MFConstants.h */,
				D46E4C0D0D02593B004926CE /* MFConstants.m */,
				D4B657970D0DE41300ED34B3 /* MFClient.h */,
				D4B657980D0DE41300ED34B3 /* MFClient.m */,
				D41E17390D85CAF500F46F50 /* MFSecurity.h */,
				D41E173A0D85CAF500F46F50 /* MFSecurity.m */,
				D41E1DA10D87557900F46F50 /* MFCore.h */,
				D41E1DA20D87557900F46F50 /* MFCore.m */,
			);
			name = Shared;
			sourceTree = "<group>";
		};
		D4D6A22A0D03686500BC2E2D /* Property Lists */ = {
			isa = PBXGroup;
			children = (
			);
			name = "Property Lists";
			sourceTree = "<group>";
		};
		D4D900E40D50F5A800A868F9 /* Resources */ = {
			isa = PBXGroup;
			children = (
				D4656C8B0D6FD6DC00DE2208 /* sshfs_icon.icns */,
				D4656C8C0D6FD6DC00DE2208 /* sshfs.png */,
				D439D6D50D0A0FDE0025574A /* sshfsConfiguration.xib */,
				D4B14C0F0CE03F4C003195A3 /* sshfs-Info.plist */,
				D4B14BAA0CE03C84003195A3 /* sshnodelay.so */,
				D4B14BAB0CE03C84003195A3 /* sshfs.plist */,
				D4B14BAC0CE03C84003195A3 /* sshfs-static */,
				D41316310D7F740400F55B9B /* sshfsAdvanced.xib */,
			);
			name = Resources;
			sourceTree = "<group>";
		};
		D4D9FE8D0D4D808D00A868F9 /* Views */ = {
			isa = PBXGroup;
			children = (
				D4DB45D20D3FEBE300C99914 /* MFFilesystemCell.h */,
				D4DB45D30D3FEBE300C99914 /* MFFilesystemCell.m */,
				D4FEAF540D835E3000C709C1 /* MFFilesystemTableView.h */,
				D4FEAF550D835E3000C709C1 /* MFFilesystemTableView.m */,
				D45579150D40715F00669882 /* MFInertButton.h */,
				D45579160D40715F00669882 /* MFInertButton.m */,
			);
			name = Views;
			sourceTree = "<group>";
		};
		D4DB41FF0D3E860400C99914 /* Settings */ = {
			isa = PBXGroup;
			children = (
				D4D9FE8D0D4D808D00A868F9 /* Views */,
				D4DB42DA0D3EAD0100C99914 /* Resources */,
				D4DB42CC0D3EAC7000C99914 /* MFSettingsController.h */,
				D4DB42CD0D3EAC7000C99914 /* MFSettingsController.m */,
				D4DB42E90D3EAE4C00C99914 /* settingsMain.m */,
			);
			path = Settings;
			sourceTree = "<group>";
		};
		D4DB42DA0D3EAD0100C99914 /* Resources */ = {
			isa = PBXGroup;
			children = (
				D4DB43740D3EB6A100C99914 /* main.xib */,
			);
			name = Resources;
			sourceTree = "<group>";
		};
		D4DF34CC0D80FC58005C9402 /* Other Resources */ = {
			isa = PBXGroup;
			children = (
				D41E25610D89B14800F46F50 /* Credits.rtf */,
			);
			name = "Other Resources";
			sourceTree = "<group>";
		};
		D4E5200C0CE03B82009B1A30 /* Server */ = {
			isa = PBXGroup;
			children = (
				D4F49A370D52727300CDA4A9 /* macfusionAgent_Prefix.pch */,
				08FB7795FE84155DC02AAC07 /* Model */,
				08FB7796FE84155DC02AAC07 /* macfusionAgent.m */,
				D42E13E40CDFC69500C81814 /* MFMainController.h */,
				D42E13E50CDFC69500C81814 /* MFMainController.m */,
				D4B14C840CE0455A003195A3 /* MFPluginController.h */,
				D4B14C850CE0455A003195A3 /* MFPluginController.m */,
				D4B14FC00CE25A88003195A3 /* MFFilesystemController.h */,
				D4B14FC10CE25A88003195A3 /* MFFilesystemController.m */,
				D439D5900D09E1510025574A /* MFCommunicationServer.h */,
				D439D5910D09E1510025574A /* MFCommunicationServer.m */,
			);
			name = Server;
			sourceTree = "<group>";
		};
		D4E5200E0CE03B9D009B1A30 /* UI */ = {
			isa = PBXGroup;
			children = (
				D413146B0D7F224900F55B9B /* Shared */,
				D48DB9720D70D70C008A62BB /* Menuling */,
				D4DB41FF0D3E860400C99914 /* Settings */,
				D4B14D660CE19514003195A3 /* Console */,
			);
			name = UI;
			sourceTree = "<group>";
		};
		D4E5200F0CE03C1B009B1A30 /* Plugins */ = {
			isa = PBXGroup;
			children = (
				D4E520100CE03C27009B1A30 /* SSHFS */,
			);
			name = Plugins;
			sourceTree = "<group>";
		};
		D4E520100CE03C27009B1A30 /* SSHFS */ = {
			isa = PBXGroup;
			children = (
				D4D900E40D50F5A800A868F9 /* Resources */,
				D41E17CA0D86035500F46F50 /* new_ssh_askpass.m */,
				D4F499ED0D52601B00CDA4A9 /* SSHFSDelegate.h */,
				D4F499EE0D52601B00CDA4A9 /* SSHFSDelegate.m */,
			);
			path = SSHFS;
			sourceTree = "<group>";
		};
/* End PBXGroup section */

/* Begin PBXHeadersBuildPhase section */
		D42E15500CE03A8200C81814 /* Headers */ = {
			isa = PBXHeadersBuildPhase;
			buildActionMask = 2147483647;
			files = (
				D4E51FE60CE03AC3009B1A30 /* MFMainController.h in Headers */,
				D4E51FE70CE03AC3009B1A30 /* MFPlugin.h in Headers */,
				D4E51FE80CE03AC3009B1A30 /* MFFilesystem.h in Headers */,
				D4B14EE30CE2468B003195A3 /* MFLoggingController.h in Headers */,
				D4D6A0D80D025B4A00BC2E2D /* MFConstants.h in Headers */,
				D439D5950D09E4390025574A /* MFServerProtocol.h in Headers */,
				D4B657990D0DE41300ED34B3 /* MFClient.h in Headers */,
				D4CEE0F30D3045590064042E /* MFClientFS.h in Headers */,
				D4905C330D393F8300E21C1E /* MFClientPlugin.h in Headers */,
				D412AFC60D596F4B0091C12B /* MGUtilities.h in Headers */,
				D403BC8F0D64C3D00049201D /* MFServerFSProtocol.h in Headers */,
				D403BD6E0D650D630049201D /* MFError.h in Headers */,
				D4E983470D7223D70058AF73 /* MGNSImage.h in Headers */,
				D420386F0D73A76B009EE78F /* MFClientRecent.h in Headers */,
				D4D0E9FF0D7C887A00797279 /* MFClientFSDelegateProtocol.h in Headers */,
				D413146F0D7F225E00F55B9B /* MGTransitioningTabView.h in Headers */,
				D4DF353C0D812AA7005C9402 /* MGSmoothingImageView.h in Headers */,
				D41E173B0D85CAF500F46F50 /* MFSecurity.h in Headers */,
				D41E17C40D86018500F46F50 /* MFNetworkFS.h in Headers */,
				D41E1DA30D87557900F46F50 /* MFCore.h in Headers */,
				D41E242A0D897F0C00F46F50 /* MFPreferencesController.h in Headers */,
			);
			runOnlyForDeploymentPostprocessing = 0;
		};
/* End PBXHeadersBuildPhase section */

/* Begin PBXNativeTarget section */
		8DD76F960486AA7600D96B5E /* macfusionAgent */ = {
			isa = PBXNativeTarget;
			buildConfigurationList = 1DEB927408733DD40010E9CD /* Build configuration list for PBXNativeTarget "macfusionAgent" */;
			buildPhases = (
				8DD76F990486AA7600D96B5E /* Sources */,
				8DD76F9B0486AA7600D96B5E /* Frameworks */,
				8DD76F9E0486AA7600D96B5E /* CopyFiles */,
			);
			buildRules = (
			);
			dependencies = (
				D4E51FED0CE03AD3009B1A30 /* PBXTargetDependency */,
			);
			name = macfusionAgent;
			productInstallPath = "$(HOME)/bin";
			productName = macfusiond;
			productReference = D439D4370D05D58D0025574A /* macfusionAgent */;
			productType = "com.apple.product-type.tool";
		};
		D41E17D30D8603DC00F46F50 /* new_sshfs_askpass */ = {
			isa = PBXNativeTarget;
			buildConfigurationList = D41E18630D86042C00F46F50 /* Build configuration list for PBXNativeTarget "new_sshfs_askpass" */;
			buildPhases = (
				D41E17D10D8603DC00F46F50 /* Sources */,
				D41E17D20D8603DC00F46F50 /* Frameworks */,
			);
			buildRules = (
			);
			dependencies = (
				D41E19510D86495300F46F50 /* PBXTargetDependency */,
			);
			name = new_sshfs_askpass;
			productName = new_sshfs_askpass;
			productReference = D41E17D40D8603DC00F46F50 /* new_sshfs_askpass */;
			productType = "com.apple.product-type.tool";
		};
		D42E15540CE03A8200C81814 /* MFCore */ = {
			isa = PBXNativeTarget;
			buildConfigurationList = D42E155A0CE03A8300C81814 /* Build configuration list for PBXNativeTarget "MFCore" */;
			buildPhases = (
				D42E15500CE03A8200C81814 /* Headers */,
				D42E15510CE03A8200C81814 /* Resources */,
				D42E15520CE03A8200C81814 /* Sources */,
				D42E15530CE03A8200C81814 /* Frameworks */,
			);
			buildRules = (
			);
			dependencies = (
			);
			name = MFCore;
			productName = MFCore;
			productReference = D4FC0C980CF128480029B133 /* MFCore.framework */;
			productType = "com.apple.product-type.framework";
		};
		D48DB97E0D70D7A4008A62BB /* MacfusionMenuling */ = {
			isa = PBXNativeTarget;
			buildConfigurationList = D48DB9840D70D7A5008A62BB /* Build configuration list for PBXNativeTarget "MacfusionMenuling" */;
			buildPhases = (
				D48DB97B0D70D7A4008A62BB /* Resources */,
				D48DB97C0D70D7A4008A62BB /* Sources */,
				D48DB97D0D70D7A4008A62BB /* Frameworks */,
			);
			buildRules = (
			);
			dependencies = (
				D41867DB0D72983E004975AF /* PBXTargetDependency */,
			);
			name = MacfusionMenuling;
			productName = MacfusionMenuling;
			productReference = D48DB97F0D70D7A4008A62BB /* MacfusionMenuling.app */;
			productType = "com.apple.product-type.application";
		};
		D4B14BB50CE03CC3003195A3 /* sshfs */ = {
			isa = PBXNativeTarget;
			buildConfigurationList = D4B14BBA0CE03CC4003195A3 /* Build configuration list for PBXNativeTarget "sshfs" */;
			buildPhases = (
				D4B14BB20CE03CC3003195A3 /* Resources */,
				D4B14BB30CE03CC3003195A3 /* Sources */,
				D4B14BB40CE03CC3003195A3 /* Frameworks */,
				D41E209E0D886B6600F46F50 /* ShellScript */,
			);
			buildRules = (
			);
			dependencies = (
				D41E20EC0D88719600F46F50 /* PBXTargetDependency */,
				D41E17DD0D86040000F46F50 /* PBXTargetDependency */,
				D4D6A11F0D03548100BC2E2D /* PBXTargetDependency */,
			);
			name = sshfs;
			productName = SSHFS;
			productReference = D441521F0CE2933C001EEF36 /* sshfs.mfplugin */;
			productType = "com.apple.product-type.bundle";
		};
		D4B14D6B0CE19545003195A3 /* mfctl */ = {
			isa = PBXNativeTarget;
			buildConfigurationList = D4B14D720CE19555003195A3 /* Build configuration list for PBXNativeTarget "mfctl" */;
			buildPhases = (
				D4B14D690CE19545003195A3 /* Sources */,
				D4B14D6A0CE19545003195A3 /* Frameworks */,
			);
			buildRules = (
			);
			dependencies = (
				D4B14F250CE24F1A003195A3 /* PBXTargetDependency */,
			);
			name = mfctl;
			productName = macfusionctl;
			productReference = D4B14E730CE198AC003195A3 /* mfctl */;
			productType = "com.apple.product-type.tool";
		};
		D4DB42030D3E863100C99914 /* MacfusionMain */ = {
			isa = PBXNativeTarget;
			buildConfigurationList = D4DB42090D3E863200C99914 /* Build configuration list for PBXNativeTarget "MacfusionMain" */;
			buildPhases = (
				D4DB42000D3E863100C99914 /* Resources */,
				D4DB42010D3E863100C99914 /* Sources */,
				D4DB42020D3E863100C99914 /* Frameworks */,
				D4DB432E0D3EAEF500C99914 /* Copy Frameworks */,
				D41E1DB30D87576C00F46F50 /* Copy PlugIns */,
				D41E1DB60D87579200F46F50 /* Copy App Resources */,
				D41E1E600D87605B00F46F50 /* Fix Library Linkage */,
			);
			buildRules = (
			);
			dependencies = (
				D41E1DFA0D8757FB00F46F50 /* PBXTargetDependency */,
				D41E1DC00D8757B400F46F50 /* PBXTargetDependency */,
				D41E1DB80D87579300F46F50 /* PBXTargetDependency */,
				D41867D90D72983C004975AF /* PBXTargetDependency */,
				D41E1E120D8758B500F46F50 /* PBXTargetDependency */,
			);
			name = MacfusionMain;
			productName = MacfusionSettings;
			productReference = D4DB42040D3E863100C99914 /* Macfusion.app */;
			productType = "com.apple.product-type.application";
		};
/* End PBXNativeTarget section */

/* Begin PBXProject section */
		08FB7793FE84155DC02AAC07 /* Project object */ = {
			isa = PBXProject;
			buildConfigurationList = 1DEB927808733DD40010E9CD /* Build configuration list for PBXProject "MacFusion2" */;
			compatibilityVersion = "Xcode 3.0";
			hasScannedForEncodings = 1;
			mainGroup = 08FB7794FE84155DC02AAC07 /* macfusiond */;
			projectDirPath = "";
			projectRoot = "";
			targets = (
				8DD76F960486AA7600D96B5E /* macfusionAgent */,
				D42E15540CE03A8200C81814 /* MFCore */,
				D4B14D6B0CE19545003195A3 /* mfctl */,
				D4B14BB50CE03CC3003195A3 /* sshfs */,
				D41E17D30D8603DC00F46F50 /* new_sshfs_askpass */,
				D48DB97E0D70D7A4008A62BB /* MacfusionMenuling */,
				D4DB42030D3E863100C99914 /* MacfusionMain */,
				D4FC0DA30CF23CFE0029B133 /* All */,
				D41E1E0B0D8758A200F46F50 /* Plugins */,
			);
		};
/* End PBXProject section */

/* Begin PBXResourcesBuildPhase section */
		D42E15510CE03A8200C81814 /* Resources */ = {
			isa = PBXResourcesBuildPhase;
			buildActionMask = 2147483647;
			files = (
				D4F499F10D52609400CDA4A9 /* MFFSDelegateProtocol.h in Resources */,
				D4DF34CE0D80FC73005C9402 /* topView.xib in Resources */,
				D41E23990D88E7B100F46F50 /* macfusionAdvancedView.xib in Resources */,
				D41E24260D897D5700F46F50 /* MFPreferences.xib in Resources */,
				D41E25620D89B14900F46F50 /* Credits.rtf in Resources */,
				D41E25C20D89B4BA00F46F50 /* MacFusion_Menu_Light.png in Resources */,
				D41E25C30D89B4BA00F46F50 /* MacFusion_Menu_Dark.png in Resources */,
			);
			runOnlyForDeploymentPostprocessing = 0;
		};
		D48DB97B0D70D7A4008A62BB /* Resources */ = {
			isa = PBXResourcesBuildPhase;
			buildActionMask = 2147483647;
			files = (
				D41E25EA0D89B56100F46F50 /* MacFusion_Menu_Light.png in Resources */,
				D41E25EB0D89B56100F46F50 /* MacFusion_Menu_Dark.png in Resources */,
				D418688E0D729F0B004975AF /* macfusionIcon.icns in Resources */,
				D48DB9E60D70DA28008A62BB /* MainMenu.xib in Resources */,
				D41867E70D729A31004975AF /* QuickMount.xib in Resources */,
			);
			runOnlyForDeploymentPostprocessing = 0;
		};
		D4B14BB20CE03CC3003195A3 /* Resources */ = {
			isa = PBXResourcesBuildPhase;
			buildActionMask = 2147483647;
			files = (
				D4B14BC90CE03D25003195A3 /* sshnodelay.so in Resources */,
				D4B14BCA0CE03D25003195A3 /* sshfs.plist in Resources */,
				D4B14BCB0CE03D25003195A3 /* sshfs-static in Resources */,
				D439D6D60D0A0FDE0025574A /* sshfsConfiguration.xib in Resources */,
				D4656C8D0D6FD6DC00DE2208 /* sshfs_icon.icns in Resources */,
				D4656C8E0D6FD6DC00DE2208 /* sshfs.png in Resources */,
				D41316320D7F740400F55B9B /* sshfsAdvanced.xib in Resources */,
				D41E17DF0D86040B00F46F50 /* new_sshfs_askpass in Resources */,
			);
			runOnlyForDeploymentPostprocessing = 0;
		};
		D4DB42000D3E863100C99914 /* Resources */ = {
			isa = PBXResourcesBuildPhase;
			buildActionMask = 2147483647;
			files = (
				D4DB438B0D3EB9A400C99914 /* macfusionIcon.icns in Resources */,
				D4DB43750D3EB6A100C99914 /* main.xib in Resources */,
				D41E25640D89B17C00F46F50 /* Credits.rtf in Resources */,
			);
			runOnlyForDeploymentPostprocessing = 0;
		};
/* End PBXResourcesBuildPhase section */

/* Begin PBXShellScriptBuildPhase section */
		D41E1E600D87605B00F46F50 /* Fix Library Linkage */ = {
			isa = PBXShellScriptBuildPhase;
			buildActionMask = 2147483647;
			files = (
			);
			inputPaths = (
			);
			name = "Fix Library Linkage";
			outputPaths = (
			);
			runOnlyForDeploymentPostprocessing = 0;
			shellPath = /bin/sh;
			shellScript = "";
			showEnvVarsInLog = 0;
		};
		D41E209E0D886B6600F46F50 /* ShellScript */ = {
			isa = PBXShellScriptBuildPhase;
			buildActionMask = 2147483647;
			files = (
			);
			inputPaths = (
			);
			outputPaths = (
			);
			runOnlyForDeploymentPostprocessing = 0;
			shellPath = /bin/sh;
			shellScript = "echo Fixing library path $CONFIGURATION_BUILD_DIR/PLUGIN_FOLDER_PATH/sshfs.mfplugin/Contents/MacOS/sshfs\ncd $TARGET_BUILD_DIR\ninstall_name_tool -change @executable_path/../Frameworks/MFCore.framework/Versions/A/MFCore ./../../../../Frameworks/MFCore.framework/Versions/A/MFCore sshfs.mfplugin/Contents/MacOS/sshfs";
		};
/* End PBXShellScriptBuildPhase section */

/* Begin PBXSourcesBuildPhase section */
		8DD76F990486AA7600D96B5E /* Sources */ = {
			isa = PBXSourcesBuildPhase;
			buildActionMask = 2147483647;
			files = (
				D44152720CE2E344001EEF36 /* MFMainController.m in Sources */,
				D44152730CE2E344001EEF36 /* MFPluginController.m in Sources */,
				8DD76F9A0486AA7600D96B5E /* macfusionAgent.m in Sources */,
				D4B14FC20CE25A88003195A3 /* MFFilesystemController.m in Sources */,
				D439D5980D09E4480025574A /* MFCommunicationServer.m in Sources */,
				D403BCD20D64EA030049201D /* MFServerFS.m in Sources */,
			);
			runOnlyForDeploymentPostprocessing = 0;
		};
		D41E17D10D8603DC00F46F50 /* Sources */ = {
			isa = PBXSourcesBuildPhase;
			buildActionMask = 2147483647;
			files = (
				D41E17E30D86041D00F46F50 /* new_ssh_askpass.m in Sources */,
			);
			runOnlyForDeploymentPostprocessing = 0;
		};
		D42E15520CE03A8200C81814 /* Sources */ = {
			isa = PBXSourcesBuildPhase;
			buildActionMask = 2147483647;
			files = (
				D4E51FEA0CE03ACA009B1A30 /* MFPlugin.m in Sources */,
				D4E51FEB0CE03ACA009B1A30 /* MFFilesystem.m in Sources */,
				D4B14EE40CE2468B003195A3 /* MFLoggingController.m in Sources */,
				D46E4C0E0D02593B004926CE /* MFConstants.m in Sources */,
				D4B6579A0D0DE41300ED34B3 /* MFClient.m in Sources */,
				D4CEE0F40D3045590064042E /* MFClientFS.m in Sources */,
				D4905C340D393F8300E21C1E /* MFClientPlugin.m in Sources */,
				D4905D4D0D39791B00E21C1E /* MFServerPlugin.m in Sources */,
				D412AFC40D596E890091C12B /* MGUtilities.m in Sources */,
				D403BD6F0D650D630049201D /* MFError.m in Sources */,
				D4E983450D7223CE0058AF73 /* MGNSImage.m in Sources */,
				D42038700D73A76B009EE78F /* MFClientRecent.m in Sources */,
				D41314700D7F225E00F55B9B /* MGTransitioningTabView.m in Sources */,
				D4DF353D0D812AA7005C9402 /* MGSmoothingImageView.m in Sources */,
				D41E173C0D85CAF600F46F50 /* MFSecurity.m in Sources */,
				D41E1DA40D87557900F46F50 /* MFCore.m in Sources */,
				D41E242B0D897F0C00F46F50 /* MFPreferencesController.m in Sources */,
			);
			runOnlyForDeploymentPostprocessing = 0;
		};
		D48DB97C0D70D7A4008A62BB /* Sources */ = {
			isa = PBXSourcesBuildPhase;
			buildActionMask = 2147483647;
			files = (
				D48DB98A0D70D7C6008A62BB /* MFMenulingAppDelegate.m in Sources */,
				D48DB9B10D70D9D4008A62BB /* menulingMain.m in Sources */,
				D41867EB0D729B81004975AF /* MFQuickMountController.m in Sources */,
				D4C6334D0D7644B300734165 /* MGFadingWindow.m in Sources */,
			);
			runOnlyForDeploymentPostprocessing = 0;
		};
		D4B14BB30CE03CC3003195A3 /* Sources */ = {
			isa = PBXSourcesBuildPhase;
			buildActionMask = 2147483647;
			files = (
				D4F499EF0D52601B00CDA4A9 /* SSHFSDelegate.m in Sources */,
				D41E17CB0D86035500F46F50 /* new_ssh_askpass.m in Sources */,
			);
			runOnlyForDeploymentPostprocessing = 0;
		};
		D4B14D690CE19545003195A3 /* Sources */ = {
			isa = PBXSourcesBuildPhase;
			buildActionMask = 2147483647;
			files = (
				D4B14D740CE195CB003195A3 /* mfctl.m in Sources */,
			);
			runOnlyForDeploymentPostprocessing = 0;
		};
		D4DB42010D3E863100C99914 /* Sources */ = {
			isa = PBXSourcesBuildPhase;
			buildActionMask = 2147483647;
			files = (
				D4DB42CE0D3EAC7000C99914 /* MFSettingsController.m in Sources */,
				D4DB42EA0D3EAE4C00C99914 /* settingsMain.m in Sources */,
				D4DB45D40D3FEBE300C99914 /* MFFilesystemCell.m in Sources */,
				D45579170D40715F00669882 /* MFInertButton.m in Sources */,
				D4FEAF560D835E3000C709C1 /* MFFilesystemTableView.m in Sources */,
			);
			runOnlyForDeploymentPostprocessing = 0;
		};
/* End PBXSourcesBuildPhase section */

/* Begin PBXTargetDependency section */
		D41867D90D72983C004975AF /* PBXTargetDependency */ = {
			isa = PBXTargetDependency;
			target = D42E15540CE03A8200C81814 /* MFCore */;
			targetProxy = D41867D80D72983C004975AF /* PBXContainerItemProxy */;
		};
		D41867DB0D72983E004975AF /* PBXTargetDependency */ = {
			isa = PBXTargetDependency;
			target = D42E15540CE03A8200C81814 /* MFCore */;
			targetProxy = D41867DA0D72983E004975AF /* PBXContainerItemProxy */;
		};
		D41E17DD0D86040000F46F50 /* PBXTargetDependency */ = {
			isa = PBXTargetDependency;
			target = D41E17D30D8603DC00F46F50 /* new_sshfs_askpass */;
			targetProxy = D41E17DC0D86040000F46F50 /* PBXContainerItemProxy */;
		};
		D41E19510D86495300F46F50 /* PBXTargetDependency */ = {
			isa = PBXTargetDependency;
			target = D42E15540CE03A8200C81814 /* MFCore */;
			targetProxy = D41E19500D86495300F46F50 /* PBXContainerItemProxy */;
		};
		D41E1DB80D87579300F46F50 /* PBXTargetDependency */ = {
			isa = PBXTargetDependency;
			target = 8DD76F960486AA7600D96B5E /* macfusionAgent */;
			targetProxy = D41E1DB70D87579300F46F50 /* PBXContainerItemProxy */;
		};
		D41E1DC00D8757B400F46F50 /* PBXTargetDependency */ = {
			isa = PBXTargetDependency;
			target = D48DB97E0D70D7A4008A62BB /* MacfusionMenuling */;
			targetProxy = D41E1DBF0D8757B400F46F50 /* PBXContainerItemProxy */;
		};
		D41E1DFA0D8757FB00F46F50 /* PBXTargetDependency */ = {
			isa = PBXTargetDependency;
			target = D4B14D6B0CE19545003195A3 /* mfctl */;
			targetProxy = D41E1DF90D8757FB00F46F50 /* PBXContainerItemProxy */;
		};
		D41E1E100D8758AB00F46F50 /* PBXTargetDependency */ = {
			isa = PBXTargetDependency;
			target = D4B14BB50CE03CC3003195A3 /* sshfs */;
			targetProxy = D41E1E0F0D8758AB00F46F50 /* PBXContainerItemProxy */;
		};
		D41E1E120D8758B500F46F50 /* PBXTargetDependency */ = {
			isa = PBXTargetDependency;
			target = D41E1E0B0D8758A200F46F50 /* Plugins */;
			targetProxy = D41E1E110D8758B500F46F50 /* PBXContainerItemProxy */;
		};
		D41E20EC0D88719600F46F50 /* PBXTargetDependency */ = {
			isa = PBXTargetDependency;
			target = 8DD76F960486AA7600D96B5E /* macfusionAgent */;
			targetProxy = D41E20EB0D88719600F46F50 /* PBXContainerItemProxy */;
		};
		D439D6490D0A06DD0025574A /* PBXTargetDependency */ = {
			isa = PBXTargetDependency;
			target = D4B14D6B0CE19545003195A3 /* mfctl */;
			targetProxy = D439D6480D0A06DD0025574A /* PBXContainerItemProxy */;
		};
		D48DB9890D70D7BB008A62BB /* PBXTargetDependency */ = {
			isa = PBXTargetDependency;
			target = D48DB97E0D70D7A4008A62BB /* MacfusionMenuling */;
			targetProxy = D48DB9880D70D7BB008A62BB /* PBXContainerItemProxy */;
		};
		D4B14F250CE24F1A003195A3 /* PBXTargetDependency */ = {
			isa = PBXTargetDependency;
			target = D42E15540CE03A8200C81814 /* MFCore */;
			targetProxy = D4B14F240CE24F1A003195A3 /* PBXContainerItemProxy */;
		};
		D4D6A11F0D03548100BC2E2D /* PBXTargetDependency */ = {
			isa = PBXTargetDependency;
			target = D42E15540CE03A8200C81814 /* MFCore */;
			targetProxy = D4D6A11E0D03548100BC2E2D /* PBXContainerItemProxy */;
		};
		D4DB42110D3E867800C99914 /* PBXTargetDependency */ = {
			isa = PBXTargetDependency;
			target = D4DB42030D3E863100C99914 /* MacfusionMain */;
			targetProxy = D4DB42100D3E867800C99914 /* PBXContainerItemProxy */;
		};
		D4E51FED0CE03AD3009B1A30 /* PBXTargetDependency */ = {
			isa = PBXTargetDependency;
			target = D42E15540CE03A8200C81814 /* MFCore */;
			targetProxy = D4E51FEC0CE03AD3009B1A30 /* PBXContainerItemProxy */;
		};
		D4FC0DA70CF23D040029B133 /* PBXTargetDependency */ = {
			isa = PBXTargetDependency;
			target = 8DD76F960486AA7600D96B5E /* macfusionAgent */;
			targetProxy = D4FC0DA60CF23D040029B133 /* PBXContainerItemProxy */;
		};
		D4FC0DA90CF23D060029B133 /* PBXTargetDependency */ = {
			isa = PBXTargetDependency;
			target = D42E15540CE03A8200C81814 /* MFCore */;
			targetProxy = D4FC0DA80CF23D060029B133 /* PBXContainerItemProxy */;
		};
/* End PBXTargetDependency section */

/* Begin XCBuildConfiguration section */
		1DEB927608733DD40010E9CD /* Release */ = {
			isa = XCBuildConfiguration;
			buildSettings = {
				DEBUG_INFORMATION_FORMAT = "dwarf-with-dsym";
				FRAMEWORK_SEARCH_PATHS = (
					"$(inherited)",
					"\"$(SRCROOT)/../Build/Debug\"",
				);
				GCC_ENABLE_OBJC_GC = supported;
				GCC_MODEL_TUNING = G5;
				GCC_PRECOMPILE_PREFIX_HEADER = YES;
				GCC_PREFIX_HEADER = macfusionAgent_Prefix.pch;
				INSTALL_PATH = /usr/local/bin;
				LIBRARY_SEARCH_PATHS = (
					"$(inherited)",
					"\"$(SRCROOT)/SSHFS\"",
				);
				PRODUCT_NAME = macfusionAgent;
			};
			name = Release;
		};
		1DEB927A08733DD40010E9CD /* Release */ = {
			isa = XCBuildConfiguration;
			buildSettings = {
				ARCHS = (
					ppc,
					i386,
				);
				GCC_WARN_ABOUT_RETURN_TYPE = YES;
				GCC_WARN_UNUSED_VARIABLE = YES;
				PREBINDING = NO;
				SDKROOT = "$(DEVELOPER_SDK_DIR)/MacOSX10.5.sdk";
			};
			name = Release;
		};
		D41E17D60D8603DD00F46F50 /* Release */ = {
			isa = XCBuildConfiguration;
			buildSettings = {
				ALWAYS_SEARCH_USER_PATHS = NO;
				ARCHS = "$(ARCHS_STANDARD_32_BIT_PRE_XCODE_3_1)";
				ARCHS_STANDARD_32_BIT_PRE_XCODE_3_1 = "ppc i386";
				COPY_PHASE_STRIP = YES;
				DEBUG_INFORMATION_FORMAT = "dwarf-with-dsym";
				GCC_ENABLE_FIX_AND_CONTINUE = NO;
				GCC_MODEL_TUNING = G5;
				GCC_PRECOMPILE_PREFIX_HEADER = YES;
				GCC_PREFIX_HEADER = "$(SYSTEM_LIBRARY_DIR)/Frameworks/AppKit.framework/Headers/AppKit.h";
				INSTALL_PATH = /usr/local/bin;
				OTHER_LDFLAGS = (
					"-framework",
					Foundation,
					"-framework",
					AppKit,
				);
				PREBINDING = NO;
				PRODUCT_NAME = new_sshfs_askpass;
				ZERO_LINK = NO;
			};
			name = Release;
		};
		D41E17D70D8603DD00F46F50 /* Debug */ = {
			isa = XCBuildConfiguration;
			buildSettings = {
				ALWAYS_SEARCH_USER_PATHS = NO;
				COPY_PHASE_STRIP = NO;
				GCC_DYNAMIC_NO_PIC = NO;
				GCC_ENABLE_FIX_AND_CONTINUE = YES;
				GCC_ENABLE_OBJC_GC = required;
				GCC_MODEL_TUNING = G5;
				GCC_OPTIMIZATION_LEVEL = 0;
				GCC_PRECOMPILE_PREFIX_HEADER = YES;
				GCC_PREFIX_HEADER = "$(SYSTEM_LIBRARY_DIR)/Frameworks/AppKit.framework/Headers/AppKit.h";
				INSTALL_PATH = /usr/local/bin;
				LD_RUNPATH_SEARCH_PATHS = "@loader_path/../../../../Frameworks";
				OTHER_LDFLAGS = (
					"-framework",
					Foundation,
					"-framework",
					AppKit,
				);
				PREBINDING = NO;
				PRODUCT_NAME = new_sshfs_askpass;
			};
			name = Debug;
		};
		D41E1E0D0D8758A200F46F50 /* Release */ = {
			isa = XCBuildConfiguration;
			buildSettings = {
				COPY_PHASE_STRIP = YES;
				DEBUG_INFORMATION_FORMAT = "dwarf-with-dsym";
				GCC_ENABLE_FIX_AND_CONTINUE = NO;
				PRODUCT_NAME = Plugins;
				ZERO_LINK = NO;
			};
			name = Release;
		};
		D41E1E0E0D8758A200F46F50 /* Debug */ = {
			isa = XCBuildConfiguration;
			buildSettings = {
				COPY_PHASE_STRIP = NO;
				GCC_DYNAMIC_NO_PIC = NO;
				GCC_OPTIMIZATION_LEVEL = 0;
				PRODUCT_NAME = Plugins;
			};
			name = Debug;
		};
		D42E15590CE03A8200C81814 /* Release */ = {
			isa = XCBuildConfiguration;
			buildSettings = {
				COPY_PHASE_STRIP = YES;
				DEBUG_INFORMATION_FORMAT = "dwarf-with-dsym";
				DYLIB_COMPATIBILITY_VERSION = 1;
				DYLIB_CURRENT_VERSION = 1;
				FRAMEWORK_VERSION = A;
				GCC_ENABLE_FIX_AND_CONTINUE = NO;
				GCC_ENABLE_OBJC_GC = required;
				GCC_MODEL_TUNING = G5;
				GCC_PRECOMPILE_PREFIX_HEADER = YES;
				GCC_PREFIX_HEADER = "$(SYSTEM_LIBRARY_DIR)/Frameworks/AppKit.framework/Headers/AppKit.h";
				INFOPLIST_FILE = "MFCore-Info.plist";
				INSTALL_PATH = "$(HOME)/Library/Frameworks";
				LD_DYLIB_INSTALL_NAME = "@loader_path/../Frameworks/MFCore.framework/Versions/A/MFCore";
				OTHER_LDFLAGS = (
					"-framework",
					Foundation,
					"-framework",
					AppKit,
				);
				PREBINDING = NO;
				PRODUCT_NAME = MFCore;
				ZERO_LINK = NO;
			};
			name = Release;
		};
		D48DB9820D70D7A4008A62BB /* Release */ = {
			isa = XCBuildConfiguration;
			buildSettings = {
				COPY_PHASE_STRIP = YES;
				DEBUG_INFORMATION_FORMAT = "dwarf-with-dsym";
				GCC_ENABLE_FIX_AND_CONTINUE = NO;
				GCC_MODEL_TUNING = G5;
				GCC_PRECOMPILE_PREFIX_HEADER = YES;
				GCC_PREFIX_HEADER = "$(SYSTEM_LIBRARY_DIR)/Frameworks/AppKit.framework/Headers/AppKit.h";
				INFOPLIST_FILE = "MacfusionMenuling-Info.plist";
				INSTALL_PATH = "$(HOME)/Applications";
				OTHER_LDFLAGS = (
					"-framework",
					Foundation,
					"-framework",
					AppKit,
				);
				PREBINDING = NO;
				PRODUCT_NAME = MacfusionMenuling;
				WRAPPER_EXTENSION = app;
				ZERO_LINK = NO;
			};
			name = Release;
		};
		D48DB9830D70D7A4008A62BB /* Debug */ = {
			isa = XCBuildConfiguration;
			buildSettings = {
				COPY_PHASE_STRIP = NO;
				GCC_DYNAMIC_NO_PIC = NO;
				GCC_ENABLE_FIX_AND_CONTINUE = YES;
				GCC_ENABLE_OBJC_GC = supported;
				GCC_MODEL_TUNING = G5;
				GCC_OPTIMIZATION_LEVEL = 0;
				GCC_PRECOMPILE_PREFIX_HEADER = YES;
				GCC_PREFIX_HEADER = "$(SYSTEM_LIBRARY_DIR)/Frameworks/AppKit.framework/Headers/AppKit.h";
				INFOPLIST_FILE = "MacfusionMenuling-Info.plist";
				INSTALL_PATH = "$(HOME)/Applications";
				LD_RUNPATH_SEARCH_PATHS = "@loader_path/../Resources/";
				OTHER_LDFLAGS = (
					"-framework",
					Foundation,
					"-framework",
					AppKit,
				);
				PREBINDING = NO;
				PRODUCT_NAME = MacfusionMenuling;
				WRAPPER_EXTENSION = app;
				ZERO_LINK = YES;
			};
			name = Debug;
		};
		D4B14BB90CE03CC4003195A3 /* Release */ = {
			isa = XCBuildConfiguration;
			buildSettings = {
				COPY_PHASE_STRIP = YES;
				DEBUG_INFORMATION_FORMAT = "dwarf-with-dsym";
				GCC_ENABLE_FIX_AND_CONTINUE = NO;
				GCC_ENABLE_OBJC_GC = supported;
				GCC_MODEL_TUNING = G5;
				GCC_PRECOMPILE_PREFIX_HEADER = YES;
				GCC_PREFIX_HEADER = "$(SYSTEM_LIBRARY_DIR)/Frameworks/AppKit.framework/Headers/AppKit.h";
				INFOPLIST_FILE = "SSHFS/sshfs-info.plist";
				INSTALL_PATH = "$(HOME)/Library/Bundles";
				OTHER_LDFLAGS = (
					"-framework",
					Foundation,
					"-framework",
					AppKit,
				);
				PREBINDING = NO;
				PRODUCT_NAME = sshfs;
				WRAPPER_EXTENSION = mfplugin;
				ZERO_LINK = NO;
			};
			name = Release;
		};
		D4B14D6F0CE19545003195A3 /* Release */ = {
			isa = XCBuildConfiguration;
			buildSettings = {
				COPY_PHASE_STRIP = YES;
				DEBUG_INFORMATION_FORMAT = "dwarf-with-dsym";
				FRAMEWORK_SEARCH_PATHS = (
					"$(inherited)",
					"\"$(SRCROOT)/../Build/Debug\"",
				);
				GCC_ENABLE_FIX_AND_CONTINUE = NO;
				GCC_ENABLE_OBJC_GC = supported;
				GCC_MODEL_TUNING = G5;
				GCC_PRECOMPILE_PREFIX_HEADER = YES;
				GCC_PREFIX_HEADER = "$(SYSTEM_LIBRARY_DIR)/Frameworks/AppKit.framework/Headers/AppKit.h";
				INSTALL_PATH = /usr/local/bin;
				OTHER_LDFLAGS = (
					"-framework",
					Foundation,
					"-framework",
					AppKit,
				);
				PREBINDING = NO;
				PRODUCT_NAME = mfctl;
				ZERO_LINK = NO;
			};
			name = Release;
		};
		D4DB42070D3E863200C99914 /* Release */ = {
			isa = XCBuildConfiguration;
			buildSettings = {
				COPY_PHASE_STRIP = YES;
				DEBUG_INFORMATION_FORMAT = "dwarf-with-dsym";
				GCC_ENABLE_FIX_AND_CONTINUE = NO;
				GCC_ENABLE_OBJC_GC = supported;
				GCC_MODEL_TUNING = G5;
				GCC_PRECOMPILE_PREFIX_HEADER = YES;
				GCC_PREFIX_HEADER = "$(SYSTEM_LIBRARY_DIR)/Frameworks/AppKit.framework/Headers/AppKit.h";
				INFOPLIST_FILE = "MacfusionMain-Info.plist";
				INSTALL_PATH = "$(HOME)/Applications";
				OTHER_LDFLAGS = (
					"-framework",
					Foundation,
					"-framework",
					AppKit,
				);
				PREBINDING = NO;
				PRODUCT_NAME = MacfusionSettings;
				WRAPPER_EXTENSION = app;
				ZERO_LINK = NO;
			};
			name = Release;
		};
		D4DB42080D3E863200C99914 /* Debug */ = {
			isa = XCBuildConfiguration;
			buildSettings = {
				COPY_PHASE_STRIP = NO;
				GCC_DYNAMIC_NO_PIC = NO;
				GCC_ENABLE_FIX_AND_CONTINUE = YES;
				GCC_ENABLE_OBJC_GC = supported;
				GCC_MODEL_TUNING = G5;
				GCC_OPTIMIZATION_LEVEL = 0;
				GCC_PRECOMPILE_PREFIX_HEADER = YES;
				GCC_PREFIX_HEADER = "$(SYSTEM_LIBRARY_DIR)/Frameworks/AppKit.framework/Headers/AppKit.h";
				INFOPLIST_FILE = "MacfusionMain-Info.plist";
				INSTALL_PATH = "$(HOME)/Applications";
				LD_RUNPATH_SEARCH_PATHS = "@loader_path/../Frameworks/";
				OTHER_LDFLAGS = (
					"-framework",
					Foundation,
					"-framework",
					AppKit,
				);
				PREBINDING = NO;
				PRODUCT_NAME = Macfusion;
				WRAPPER_EXTENSION = app;
				ZERO_LINK = YES;
			};
			name = Debug;
		};
		D4FC0DA50CF23CFE0029B133 /* Release */ = {
			isa = XCBuildConfiguration;
			buildSettings = {
				COPY_PHASE_STRIP = YES;
				DEBUG_INFORMATION_FORMAT = "dwarf-with-dsym";
				GCC_ENABLE_FIX_AND_CONTINUE = NO;
				PRODUCT_NAME = All;
				ZERO_LINK = NO;
			};
			name = Release;
		};
		D4FC0DC60CF23DE30029B133 /* Debug */ = {
			isa = XCBuildConfiguration;
			buildSettings = {
				GCC_WARN_ABOUT_RETURN_TYPE = YES;
				GCC_WARN_UNUSED_VARIABLE = YES;
				PREBINDING = NO;
				SDKROOT = "$(DEVELOPER_SDK_DIR)/MacOSX10.5.sdk";
			};
			name = Debug;
		};
		D4FC0DC70CF23DE30029B133 /* Debug */ = {
			isa = XCBuildConfiguration;
			buildSettings = {
				DEBUG_INFORMATION_FORMAT = "dwarf-with-dsym";
				FRAMEWORK_SEARCH_PATHS = (
					"$(inherited)",
					"\"$(SRCROOT)/../Build/Debug\"",
				);
				GCC_ENABLE_OBJC_GC = supported;
				GCC_MODEL_TUNING = G5;
				GCC_PRECOMPILE_PREFIX_HEADER = YES;
				GCC_PREFIX_HEADER = macfusionAgent_Prefix.pch;
				INSTALL_PATH = /usr/local/bin;
				LD_RUNPATH_SEARCH_PATHS = "@loader_path/../Frameworks/";
				LIBRARY_SEARCH_PATHS = (
					"$(inherited)",
					"\"$(SRCROOT)/SSHFS\"",
				);
				PRODUCT_NAME = macfusionAgent;
			};
			name = Debug;
		};
		D4FC0DC80CF23DE30029B133 /* Debug */ = {
			isa = XCBuildConfiguration;
			buildSettings = {
				COPY_PHASE_STRIP = YES;
				DEBUG_INFORMATION_FORMAT = "dwarf-with-dsym";
				DYLIB_COMPATIBILITY_VERSION = 1;
				DYLIB_CURRENT_VERSION = 1;
				FRAMEWORK_VERSION = A;
				GCC_ENABLE_FIX_AND_CONTINUE = NO;
				GCC_ENABLE_OBJC_GC = required;
				GCC_MODEL_TUNING = G5;
				GCC_PRECOMPILE_PREFIX_HEADER = YES;
				GCC_PREFIX_HEADER = "$(SYSTEM_LIBRARY_DIR)/Frameworks/AppKit.framework/Headers/AppKit.h";
				INFOPLIST_FILE = "MFCore-Info.plist";
				INSTALL_PATH = "$(HOME)/Library/Frameworks";
				LD_DYLIB_INSTALL_NAME = "@rpath/MFCore.framework/Versions/A/MFCore";
				OTHER_LDFLAGS = (
					"-framework",
					Foundation,
					"-framework",
					AppKit,
				);
				PREBINDING = NO;
				PRODUCT_NAME = MFCore;
				ZERO_LINK = NO;
			};
			name = Debug;
		};
		D4FC0DC90CF23DE30029B133 /* Debug */ = {
			isa = XCBuildConfiguration;
			buildSettings = {
				COPY_PHASE_STRIP = YES;
				DEBUG_INFORMATION_FORMAT = "dwarf-with-dsym";
				GCC_ENABLE_FIX_AND_CONTINUE = NO;
				GCC_ENABLE_OBJC_GC = supported;
				GCC_MODEL_TUNING = G5;
				GCC_PRECOMPILE_PREFIX_HEADER = YES;
				GCC_PREFIX_HEADER = "$(SYSTEM_LIBRARY_DIR)/Frameworks/AppKit.framework/Headers/AppKit.h";
				INFOPLIST_FILE = "SSHFS/sshfs-info.plist";
				INSTALL_PATH = "$(HOME)/Library/Bundles";
				LD_RUNPATH_SEARCH_PATHS = "@loader_path/../../../../Frameworks";
				OTHER_LDFLAGS = (
					"-framework",
					Foundation,
					"-framework",
					AppKit,
				);
				PREBINDING = NO;
				PRODUCT_NAME = sshfs;
				WRAPPER_EXTENSION = mfplugin;
				ZERO_LINK = NO;
			};
			name = Debug;
		};
		D4FC0DCB0CF23DE30029B133 /* Debug */ = {
			isa = XCBuildConfiguration;
			buildSettings = {
				COPY_PHASE_STRIP = YES;
				DEBUG_INFORMATION_FORMAT = "dwarf-with-dsym";
				FRAMEWORK_SEARCH_PATHS = (
					"$(inherited)",
					"\"$(SRCROOT)/../Build/Debug\"",
				);
				GCC_ENABLE_FIX_AND_CONTINUE = NO;
				GCC_ENABLE_OBJC_GC = supported;
				GCC_MODEL_TUNING = G5;
				GCC_PRECOMPILE_PREFIX_HEADER = YES;
				GCC_PREFIX_HEADER = "$(SYSTEM_LIBRARY_DIR)/Frameworks/AppKit.framework/Headers/AppKit.h";
				INSTALL_PATH = /usr/local/bin;
				OTHER_LDFLAGS = (
					"-framework",
					Foundation,
					"-framework",
					AppKit,
				);
				PREBINDING = NO;
				PRODUCT_NAME = mfctl;
				ZERO_LINK = NO;
			};
			name = Debug;
		};
		D4FC0DCC0CF23DE30029B133 /* Debug */ = {
			isa = XCBuildConfiguration;
			buildSettings = {
				COPY_PHASE_STRIP = YES;
				DEBUG_INFORMATION_FORMAT = "dwarf-with-dsym";
				GCC_ENABLE_FIX_AND_CONTINUE = NO;
				PRODUCT_NAME = All;
				ZERO_LINK = NO;
			};
			name = Debug;
		};
/* End XCBuildConfiguration section */

/* Begin XCConfigurationList section */
		1DEB927408733DD40010E9CD /* Build configuration list for PBXNativeTarget "macfusionAgent" */ = {
			isa = XCConfigurationList;
			buildConfigurations = (
				1DEB927608733DD40010E9CD /* Release */,
				D4FC0DC70CF23DE30029B133 /* Debug */,
			);
			defaultConfigurationIsVisible = 0;
			defaultConfigurationName = Release;
		};
		1DEB927808733DD40010E9CD /* Build configuration list for PBXProject "MacFusion2" */ = {
			isa = XCConfigurationList;
			buildConfigurations = (
				1DEB927A08733DD40010E9CD /* Release */,
				D4FC0DC60CF23DE30029B133 /* Debug */,
			);
			defaultConfigurationIsVisible = 0;
			defaultConfigurationName = Release;
		};
		D41E18630D86042C00F46F50 /* Build configuration list for PBXNativeTarget "new_sshfs_askpass" */ = {
			isa = XCConfigurationList;
			buildConfigurations = (
				D41E17D60D8603DD00F46F50 /* Release */,
				D41E17D70D8603DD00F46F50 /* Debug */,
			);
			defaultConfigurationIsVisible = 0;
			defaultConfigurationName = Release;
		};
		D41E1E160D8758E400F46F50 /* Build configuration list for PBXAggregateTarget "Plugins" */ = {
			isa = XCConfigurationList;
			buildConfigurations = (
				D41E1E0D0D8758A200F46F50 /* Release */,
				D41E1E0E0D8758A200F46F50 /* Debug */,
			);
			defaultConfigurationIsVisible = 0;
			defaultConfigurationName = Release;
		};
		D42E155A0CE03A8300C81814 /* Build configuration list for PBXNativeTarget "MFCore" */ = {
			isa = XCConfigurationList;
			buildConfigurations = (
				D42E15590CE03A8200C81814 /* Release */,
				D4FC0DC80CF23DE30029B133 /* Debug */,
			);
			defaultConfigurationIsVisible = 0;
			defaultConfigurationName = Release;
		};
		D48DB9840D70D7A5008A62BB /* Build configuration list for PBXNativeTarget "MacfusionMenuling" */ = {
			isa = XCConfigurationList;
			buildConfigurations = (
				D48DB9820D70D7A4008A62BB /* Release */,
				D48DB9830D70D7A4008A62BB /* Debug */,
			);
			defaultConfigurationIsVisible = 0;
			defaultConfigurationName = Release;
		};
		D4B14BBA0CE03CC4003195A3 /* Build configuration list for PBXNativeTarget "sshfs" */ = {
			isa = XCConfigurationList;
			buildConfigurations = (
				D4B14BB90CE03CC4003195A3 /* Release */,
				D4FC0DC90CF23DE30029B133 /* Debug */,
			);
			defaultConfigurationIsVisible = 0;
			defaultConfigurationName = Release;
		};
		D4B14D720CE19555003195A3 /* Build configuration list for PBXNativeTarget "mfctl" */ = {
			isa = XCConfigurationList;
			buildConfigurations = (
				D4B14D6F0CE19545003195A3 /* Release */,
				D4FC0DCB0CF23DE30029B133 /* Debug */,
			);
			defaultConfigurationIsVisible = 0;
			defaultConfigurationName = Release;
		};
		D4DB42090D3E863200C99914 /* Build configuration list for PBXNativeTarget "MacfusionMain" */ = {
			isa = XCConfigurationList;
			buildConfigurations = (
				D4DB42070D3E863200C99914 /* Release */,
				D4DB42080D3E863200C99914 /* Debug */,
			);
			defaultConfigurationIsVisible = 0;
			defaultConfigurationName = Release;
		};
		D4FC0DAC0CF23D2B0029B133 /* Build configuration list for PBXAggregateTarget "All" */ = {
			isa = XCConfigurationList;
			buildConfigurations = (
				D4FC0DA50CF23CFE0029B133 /* Release */,
				D4FC0DCC0CF23DE30029B133 /* Debug */,
			);
			defaultConfigurationIsVisible = 0;
			defaultConfigurationName = Release;
		};
/* End XCConfigurationList section */
	};
	rootObject = 08FB7793FE84155DC02AAC07 /* Project object */;
}
